
Microsoft Visual Studio Solution File, Format Version 12.00
# Visual Studio 15
VisualStudioVersion = 15.0.27004.2010
MinimumVisualStudioVersion = 10.0.40219.1
Project("{FAE04EC0-301F-11D3-BF4B-00C04F79EFBC}") = "libfintx", "libfintx\libfintx.csproj", "{7F69841C-B99E-4236-AE26-5B6AD0538AE6}"
EndProject
Project("{FAE04EC0-301F-11D3-BF4B-00C04F79EFBC}") = "test_balance", "test\test_balance\test_balance.csproj", "{85EF29A9-A2D2-45A9-B904-B1502A322A22}"
EndProject
Project("{FAE04EC0-301F-11D3-BF4B-00C04F79EFBC}") = "test_phototan", "test\test_phototan\test_phototan.csproj", "{69187B15-EB72-4344-A2DF-3C8388477FA3}"
EndProject
Project("{FAE04EC0-301F-11D3-BF4B-00C04F79EFBC}") = "test_Flicker", "test\test_Flicker\test_Flicker.csproj", "{592614ED-C8E8-4CFE-A0E3-1B2CAF041C15}"
EndProject
Project("{FAE04EC0-301F-11D3-BF4B-00C04F79EFBC}") = "test_RDH", "test\test_RDH\test_RDH.csproj", "{AFF2BC59-5623-4379-8F97-7B86EFFCFD29}"
EndProject
Project("{FAE04EC0-301F-11D3-BF4B-00C04F79EFBC}") = "libfintx.Android", "libfintx.Android\libfintx.Android.csproj", "{8F7603E5-6D9C-4185-8E1C-8F2EE2FDA64A}"
EndProject
Project("{FAE04EC0-301F-11D3-BF4B-00C04F79EFBC}") = "libfintx.iOS", "libfintx.iOS\libfintx.iOS.csproj", "{070897DC-15DC-476F-9972-80AED8A1381A}"
EndProject
Project("{FAE04EC0-301F-11D3-BF4B-00C04F79EFBC}") = "asp.net_flicker_example", "test\asp.net_flicker_example\asp.net_flicker_example.csproj", "{867CC96A-C582-488C-9C16-9B9F4AA0670A}"
EndProject
Project("{FAE04EC0-301F-11D3-BF4B-00C04F79EFBC}") = "test_balance_android", "test\test_balance_android\test_balance_android.csproj", "{72FB11A0-DAFC-4938-A096-43F18D35A67F}"
EndProject
Project("{FAE04EC0-301F-11D3-BF4B-00C04F79EFBC}") = "test_balance_iOS", "test\test_balance_iOS\test_balance_iOS.csproj", "{38C5D427-EA27-40CB-AAB5-7D30A76A2E0E}"
EndProject
Project("{FAE04EC0-301F-11D3-BF4B-00C04F79EFBC}") = "asp.net_matrixcode_example", "test\asp.net_matrixcode_example\asp.net_matrixcode_example.csproj", "{7108534A-3BDD-43DC-BC80-D46B64541B9F}"
EndProject
Global
	GlobalSection(SolutionConfigurationPlatforms) = preSolution
		Ad-Hoc|Any CPU = Ad-Hoc|Any CPU
		Ad-Hoc|iPhone = Ad-Hoc|iPhone
		Ad-Hoc|iPhoneSimulator = Ad-Hoc|iPhoneSimulator
		AppStore|Any CPU = AppStore|Any CPU
		AppStore|iPhone = AppStore|iPhone
		AppStore|iPhoneSimulator = AppStore|iPhoneSimulator
		Debug|Any CPU = Debug|Any CPU
		Debug|iPhone = Debug|iPhone
		Debug|iPhoneSimulator = Debug|iPhoneSimulator
		Release|Any CPU = Release|Any CPU
		Release|iPhone = Release|iPhone
		Release|iPhoneSimulator = Release|iPhoneSimulator
	EndGlobalSection
	GlobalSection(ProjectConfigurationPlatforms) = postSolution
		{7F69841C-B99E-4236-AE26-5B6AD0538AE6}.Ad-Hoc|Any CPU.ActiveCfg = Release|Any CPU
		{7F69841C-B99E-4236-AE26-5B6AD0538AE6}.Ad-Hoc|Any CPU.Build.0 = Release|Any CPU
		{7F69841C-B99E-4236-AE26-5B6AD0538AE6}.Ad-Hoc|iPhone.ActiveCfg = Release|Any CPU
		{7F69841C-B99E-4236-AE26-5B6AD0538AE6}.Ad-Hoc|iPhone.Build.0 = Release|Any CPU
		{7F69841C-B99E-4236-AE26-5B6AD0538AE6}.Ad-Hoc|iPhoneSimulator.ActiveCfg = Release|Any CPU
		{7F69841C-B99E-4236-AE26-5B6AD0538AE6}.Ad-Hoc|iPhoneSimulator.Build.0 = Release|Any CPU
		{7F69841C-B99E-4236-AE26-5B6AD0538AE6}.AppStore|Any CPU.ActiveCfg = Release|Any CPU
		{7F69841C-B99E-4236-AE26-5B6AD0538AE6}.AppStore|Any CPU.Build.0 = Release|Any CPU
		{7F69841C-B99E-4236-AE26-5B6AD0538AE6}.AppStore|iPhone.ActiveCfg = Release|Any CPU
		{7F69841C-B99E-4236-AE26-5B6AD0538AE6}.AppStore|iPhone.Build.0 = Release|Any CPU
		{7F69841C-B99E-4236-AE26-5B6AD0538AE6}.AppStore|iPhoneSimulator.ActiveCfg = Release|Any CPU
		{7F69841C-B99E-4236-AE26-5B6AD0538AE6}.AppStore|iPhoneSimulator.Build.0 = Release|Any CPU
		{7F69841C-B99E-4236-AE26-5B6AD0538AE6}.Debug|Any CPU.ActiveCfg = Debug|Any CPU
		{7F69841C-B99E-4236-AE26-5B6AD0538AE6}.Debug|Any CPU.Build.0 = Debug|Any CPU
		{7F69841C-B99E-4236-AE26-5B6AD0538AE6}.Debug|iPhone.ActiveCfg = Debug|Any CPU
		{7F69841C-B99E-4236-AE26-5B6AD0538AE6}.Debug|iPhone.Build.0 = Debug|Any CPU
		{7F69841C-B99E-4236-AE26-5B6AD0538AE6}.Debug|iPhoneSimulator.ActiveCfg = Debug|Any CPU
		{7F69841C-B99E-4236-AE26-5B6AD0538AE6}.Debug|iPhoneSimulator.Build.0 = Debug|Any CPU
		{7F69841C-B99E-4236-AE26-5B6AD0538AE6}.Release|Any CPU.ActiveCfg = Release|Any CPU
		{7F69841C-B99E-4236-AE26-5B6AD0538AE6}.Release|Any CPU.Build.0 = Release|Any CPU
		{7F69841C-B99E-4236-AE26-5B6AD0538AE6}.Release|iPhone.ActiveCfg = Release|Any CPU
		{7F69841C-B99E-4236-AE26-5B6AD0538AE6}.Release|iPhone.Build.0 = Release|Any CPU
		{7F69841C-B99E-4236-AE26-5B6AD0538AE6}.Release|iPhoneSimulator.ActiveCfg = Release|Any CPU
		{7F69841C-B99E-4236-AE26-5B6AD0538AE6}.Release|iPhoneSimulator.Build.0 = Release|Any CPU
		{85EF29A9-A2D2-45A9-B904-B1502A322A22}.Ad-Hoc|Any CPU.ActiveCfg = Release|Any CPU
		{85EF29A9-A2D2-45A9-B904-B1502A322A22}.Ad-Hoc|Any CPU.Build.0 = Release|Any CPU
		{85EF29A9-A2D2-45A9-B904-B1502A322A22}.Ad-Hoc|iPhone.ActiveCfg = Release|Any CPU
		{85EF29A9-A2D2-45A9-B904-B1502A322A22}.Ad-Hoc|iPhone.Build.0 = Release|Any CPU
		{85EF29A9-A2D2-45A9-B904-B1502A322A22}.Ad-Hoc|iPhoneSimulator.ActiveCfg = Release|Any CPU
		{85EF29A9-A2D2-45A9-B904-B1502A322A22}.Ad-Hoc|iPhoneSimulator.Build.0 = Release|Any CPU
		{85EF29A9-A2D2-45A9-B904-B1502A322A22}.AppStore|Any CPU.ActiveCfg = Release|Any CPU
		{85EF29A9-A2D2-45A9-B904-B1502A322A22}.AppStore|Any CPU.Build.0 = Release|Any CPU
		{85EF29A9-A2D2-45A9-B904-B1502A322A22}.AppStore|iPhone.ActiveCfg = Release|Any CPU
		{85EF29A9-A2D2-45A9-B904-B1502A322A22}.AppStore|iPhone.Build.0 = Release|Any CPU
		{85EF29A9-A2D2-45A9-B904-B1502A322A22}.AppStore|iPhoneSimulator.ActiveCfg = Release|Any CPU
		{85EF29A9-A2D2-45A9-B904-B1502A322A22}.AppStore|iPhoneSimulator.Build.0 = Release|Any CPU
		{85EF29A9-A2D2-45A9-B904-B1502A322A22}.Debug|Any CPU.ActiveCfg = Debug|Any CPU
		{85EF29A9-A2D2-45A9-B904-B1502A322A22}.Debug|Any CPU.Build.0 = Debug|Any CPU
		{85EF29A9-A2D2-45A9-B904-B1502A322A22}.Debug|iPhone.ActiveCfg = Debug|Any CPU
		{85EF29A9-A2D2-45A9-B904-B1502A322A22}.Debug|iPhone.Build.0 = Debug|Any CPU
		{85EF29A9-A2D2-45A9-B904-B1502A322A22}.Debug|iPhoneSimulator.ActiveCfg = Debug|Any CPU
		{85EF29A9-A2D2-45A9-B904-B1502A322A22}.Debug|iPhoneSimulator.Build.0 = Debug|Any CPU
		{85EF29A9-A2D2-45A9-B904-B1502A322A22}.Release|Any CPU.ActiveCfg = Release|Any CPU
		{85EF29A9-A2D2-45A9-B904-B1502A322A22}.Release|Any CPU.Build.0 = Release|Any CPU
		{85EF29A9-A2D2-45A9-B904-B1502A322A22}.Release|iPhone.ActiveCfg = Release|Any CPU
		{85EF29A9-A2D2-45A9-B904-B1502A322A22}.Release|iPhone.Build.0 = Release|Any CPU
		{85EF29A9-A2D2-45A9-B904-B1502A322A22}.Release|iPhoneSimulator.ActiveCfg = Release|Any CPU
		{85EF29A9-A2D2-45A9-B904-B1502A322A22}.Release|iPhoneSimulator.Build.0 = Release|Any CPU
		{69187B15-EB72-4344-A2DF-3C8388477FA3}.Ad-Hoc|Any CPU.ActiveCfg = Release|Any CPU
		{69187B15-EB72-4344-A2DF-3C8388477FA3}.Ad-Hoc|Any CPU.Build.0 = Release|Any CPU
		{69187B15-EB72-4344-A2DF-3C8388477FA3}.Ad-Hoc|iPhone.ActiveCfg = Release|Any CPU
		{69187B15-EB72-4344-A2DF-3C8388477FA3}.Ad-Hoc|iPhone.Build.0 = Release|Any CPU
		{69187B15-EB72-4344-A2DF-3C8388477FA3}.Ad-Hoc|iPhoneSimulator.ActiveCfg = Release|Any CPU
		{69187B15-EB72-4344-A2DF-3C8388477FA3}.Ad-Hoc|iPhoneSimulator.Build.0 = Release|Any CPU
		{69187B15-EB72-4344-A2DF-3C8388477FA3}.AppStore|Any CPU.ActiveCfg = Release|Any CPU
		{69187B15-EB72-4344-A2DF-3C8388477FA3}.AppStore|Any CPU.Build.0 = Release|Any CPU
		{69187B15-EB72-4344-A2DF-3C8388477FA3}.AppStore|iPhone.ActiveCfg = Release|Any CPU
		{69187B15-EB72-4344-A2DF-3C8388477FA3}.AppStore|iPhone.Build.0 = Release|Any CPU
		{69187B15-EB72-4344-A2DF-3C8388477FA3}.AppStore|iPhoneSimulator.ActiveCfg = Release|Any CPU
		{69187B15-EB72-4344-A2DF-3C8388477FA3}.AppStore|iPhoneSimulator.Build.0 = Release|Any CPU
		{69187B15-EB72-4344-A2DF-3C8388477FA3}.Debug|Any CPU.ActiveCfg = Debug|Any CPU
		{69187B15-EB72-4344-A2DF-3C8388477FA3}.Debug|Any CPU.Build.0 = Debug|Any CPU
		{69187B15-EB72-4344-A2DF-3C8388477FA3}.Debug|iPhone.ActiveCfg = Debug|Any CPU
		{69187B15-EB72-4344-A2DF-3C8388477FA3}.Debug|iPhone.Build.0 = Debug|Any CPU
		{69187B15-EB72-4344-A2DF-3C8388477FA3}.Debug|iPhoneSimulator.ActiveCfg = Debug|Any CPU
		{69187B15-EB72-4344-A2DF-3C8388477FA3}.Debug|iPhoneSimulator.Build.0 = Debug|Any CPU
		{69187B15-EB72-4344-A2DF-3C8388477FA3}.Release|Any CPU.ActiveCfg = Release|Any CPU
		{69187B15-EB72-4344-A2DF-3C8388477FA3}.Release|Any CPU.Build.0 = Release|Any CPU
		{69187B15-EB72-4344-A2DF-3C8388477FA3}.Release|iPhone.ActiveCfg = Release|Any CPU
		{69187B15-EB72-4344-A2DF-3C8388477FA3}.Release|iPhone.Build.0 = Release|Any CPU
		{69187B15-EB72-4344-A2DF-3C8388477FA3}.Release|iPhoneSimulator.ActiveCfg = Release|Any CPU
		{69187B15-EB72-4344-A2DF-3C8388477FA3}.Release|iPhoneSimulator.Build.0 = Release|Any CPU
		{592614ED-C8E8-4CFE-A0E3-1B2CAF041C15}.Ad-Hoc|Any CPU.ActiveCfg = Release|Any CPU
		{592614ED-C8E8-4CFE-A0E3-1B2CAF041C15}.Ad-Hoc|Any CPU.Build.0 = Release|Any CPU
		{592614ED-C8E8-4CFE-A0E3-1B2CAF041C15}.Ad-Hoc|iPhone.ActiveCfg = Release|Any CPU
		{592614ED-C8E8-4CFE-A0E3-1B2CAF041C15}.Ad-Hoc|iPhone.Build.0 = Release|Any CPU
		{592614ED-C8E8-4CFE-A0E3-1B2CAF041C15}.Ad-Hoc|iPhoneSimulator.ActiveCfg = Release|Any CPU
		{592614ED-C8E8-4CFE-A0E3-1B2CAF041C15}.Ad-Hoc|iPhoneSimulator.Build.0 = Release|Any CPU
		{592614ED-C8E8-4CFE-A0E3-1B2CAF041C15}.AppStore|Any CPU.ActiveCfg = Release|Any CPU
		{592614ED-C8E8-4CFE-A0E3-1B2CAF041C15}.AppStore|Any CPU.Build.0 = Release|Any CPU
		{592614ED-C8E8-4CFE-A0E3-1B2CAF041C15}.AppStore|iPhone.ActiveCfg = Release|Any CPU
		{592614ED-C8E8-4CFE-A0E3-1B2CAF041C15}.AppStore|iPhone.Build.0 = Release|Any CPU
		{592614ED-C8E8-4CFE-A0E3-1B2CAF041C15}.AppStore|iPhoneSimulator.ActiveCfg = Release|Any CPU
		{592614ED-C8E8-4CFE-A0E3-1B2CAF041C15}.AppStore|iPhoneSimulator.Build.0 = Release|Any CPU
		{592614ED-C8E8-4CFE-A0E3-1B2CAF041C15}.Debug|Any CPU.ActiveCfg = Debug|Any CPU
		{592614ED-C8E8-4CFE-A0E3-1B2CAF041C15}.Debug|Any CPU.Build.0 = Debug|Any CPU
		{592614ED-C8E8-4CFE-A0E3-1B2CAF041C15}.Debug|iPhone.ActiveCfg = Debug|Any CPU
		{592614ED-C8E8-4CFE-A0E3-1B2CAF041C15}.Debug|iPhone.Build.0 = Debug|Any CPU
		{592614ED-C8E8-4CFE-A0E3-1B2CAF041C15}.Debug|iPhoneSimulator.ActiveCfg = Debug|Any CPU
		{592614ED-C8E8-4CFE-A0E3-1B2CAF041C15}.Debug|iPhoneSimulator.Build.0 = Debug|Any CPU
		{592614ED-C8E8-4CFE-A0E3-1B2CAF041C15}.Release|Any CPU.ActiveCfg = Release|Any CPU
		{592614ED-C8E8-4CFE-A0E3-1B2CAF041C15}.Release|Any CPU.Build.0 = Release|Any CPU
		{592614ED-C8E8-4CFE-A0E3-1B2CAF041C15}.Release|iPhone.ActiveCfg = Release|Any CPU
		{592614ED-C8E8-4CFE-A0E3-1B2CAF041C15}.Release|iPhone.Build.0 = Release|Any CPU
		{592614ED-C8E8-4CFE-A0E3-1B2CAF041C15}.Release|iPhoneSimulator.ActiveCfg = Release|Any CPU
		{592614ED-C8E8-4CFE-A0E3-1B2CAF041C15}.Release|iPhoneSimulator.Build.0 = Release|Any CPU
		{AFF2BC59-5623-4379-8F97-7B86EFFCFD29}.Ad-Hoc|Any CPU.ActiveCfg = Release|Any CPU
		{AFF2BC59-5623-4379-8F97-7B86EFFCFD29}.Ad-Hoc|Any CPU.Build.0 = Release|Any CPU
		{AFF2BC59-5623-4379-8F97-7B86EFFCFD29}.Ad-Hoc|iPhone.ActiveCfg = Release|Any CPU
		{AFF2BC59-5623-4379-8F97-7B86EFFCFD29}.Ad-Hoc|iPhone.Build.0 = Release|Any CPU
		{AFF2BC59-5623-4379-8F97-7B86EFFCFD29}.Ad-Hoc|iPhoneSimulator.ActiveCfg = Release|Any CPU
		{AFF2BC59-5623-4379-8F97-7B86EFFCFD29}.Ad-Hoc|iPhoneSimulator.Build.0 = Release|Any CPU
		{AFF2BC59-5623-4379-8F97-7B86EFFCFD29}.AppStore|Any CPU.ActiveCfg = Release|Any CPU
		{AFF2BC59-5623-4379-8F97-7B86EFFCFD29}.AppStore|Any CPU.Build.0 = Release|Any CPU
		{AFF2BC59-5623-4379-8F97-7B86EFFCFD29}.AppStore|iPhone.ActiveCfg = Release|Any CPU
		{AFF2BC59-5623-4379-8F97-7B86EFFCFD29}.AppStore|iPhone.Build.0 = Release|Any CPU
		{AFF2BC59-5623-4379-8F97-7B86EFFCFD29}.AppStore|iPhoneSimulator.ActiveCfg = Release|Any CPU
		{AFF2BC59-5623-4379-8F97-7B86EFFCFD29}.AppStore|iPhoneSimulator.Build.0 = Release|Any CPU
		{AFF2BC59-5623-4379-8F97-7B86EFFCFD29}.Debug|Any CPU.ActiveCfg = Debug|Any CPU
		{AFF2BC59-5623-4379-8F97-7B86EFFCFD29}.Debug|Any CPU.Build.0 = Debug|Any CPU
		{AFF2BC59-5623-4379-8F97-7B86EFFCFD29}.Debug|iPhone.ActiveCfg = Debug|Any CPU
		{AFF2BC59-5623-4379-8F97-7B86EFFCFD29}.Debug|iPhone.Build.0 = Debug|Any CPU
		{AFF2BC59-5623-4379-8F97-7B86EFFCFD29}.Debug|iPhoneSimulator.ActiveCfg = Debug|Any CPU
		{AFF2BC59-5623-4379-8F97-7B86EFFCFD29}.Debug|iPhoneSimulator.Build.0 = Debug|Any CPU
		{AFF2BC59-5623-4379-8F97-7B86EFFCFD29}.Release|Any CPU.ActiveCfg = Release|Any CPU
		{AFF2BC59-5623-4379-8F97-7B86EFFCFD29}.Release|Any CPU.Build.0 = Release|Any CPU
		{AFF2BC59-5623-4379-8F97-7B86EFFCFD29}.Release|iPhone.ActiveCfg = Release|Any CPU
		{AFF2BC59-5623-4379-8F97-7B86EFFCFD29}.Release|iPhone.Build.0 = Release|Any CPU
		{AFF2BC59-5623-4379-8F97-7B86EFFCFD29}.Release|iPhoneSimulator.ActiveCfg = Release|Any CPU
		{AFF2BC59-5623-4379-8F97-7B86EFFCFD29}.Release|iPhoneSimulator.Build.0 = Release|Any CPU
		{8F7603E5-6D9C-4185-8E1C-8F2EE2FDA64A}.Ad-Hoc|Any CPU.ActiveCfg = Release|Any CPU
		{8F7603E5-6D9C-4185-8E1C-8F2EE2FDA64A}.Ad-Hoc|Any CPU.Build.0 = Release|Any CPU
		{8F7603E5-6D9C-4185-8E1C-8F2EE2FDA64A}.Ad-Hoc|iPhone.ActiveCfg = Release|Any CPU
		{8F7603E5-6D9C-4185-8E1C-8F2EE2FDA64A}.Ad-Hoc|iPhone.Build.0 = Release|Any CPU
		{8F7603E5-6D9C-4185-8E1C-8F2EE2FDA64A}.Ad-Hoc|iPhoneSimulator.ActiveCfg = Release|Any CPU
		{8F7603E5-6D9C-4185-8E1C-8F2EE2FDA64A}.Ad-Hoc|iPhoneSimulator.Build.0 = Release|Any CPU
		{8F7603E5-6D9C-4185-8E1C-8F2EE2FDA64A}.AppStore|Any CPU.ActiveCfg = Release|Any CPU
		{8F7603E5-6D9C-4185-8E1C-8F2EE2FDA64A}.AppStore|Any CPU.Build.0 = Release|Any CPU
		{8F7603E5-6D9C-4185-8E1C-8F2EE2FDA64A}.AppStore|iPhone.ActiveCfg = Release|Any CPU
		{8F7603E5-6D9C-4185-8E1C-8F2EE2FDA64A}.AppStore|iPhone.Build.0 = Release|Any CPU
		{8F7603E5-6D9C-4185-8E1C-8F2EE2FDA64A}.AppStore|iPhoneSimulator.ActiveCfg = Release|Any CPU
		{8F7603E5-6D9C-4185-8E1C-8F2EE2FDA64A}.AppStore|iPhoneSimulator.Build.0 = Release|Any CPU
		{8F7603E5-6D9C-4185-8E1C-8F2EE2FDA64A}.Debug|Any CPU.ActiveCfg = Debug|Any CPU
		{8F7603E5-6D9C-4185-8E1C-8F2EE2FDA64A}.Debug|Any CPU.Build.0 = Debug|Any CPU
		{8F7603E5-6D9C-4185-8E1C-8F2EE2FDA64A}.Debug|iPhone.ActiveCfg = Debug|Any CPU
		{8F7603E5-6D9C-4185-8E1C-8F2EE2FDA64A}.Debug|iPhone.Build.0 = Debug|Any CPU
		{8F7603E5-6D9C-4185-8E1C-8F2EE2FDA64A}.Debug|iPhoneSimulator.ActiveCfg = Debug|Any CPU
		{8F7603E5-6D9C-4185-8E1C-8F2EE2FDA64A}.Debug|iPhoneSimulator.Build.0 = Debug|Any CPU
		{8F7603E5-6D9C-4185-8E1C-8F2EE2FDA64A}.Release|Any CPU.ActiveCfg = Release|Any CPU
		{8F7603E5-6D9C-4185-8E1C-8F2EE2FDA64A}.Release|Any CPU.Build.0 = Release|Any CPU
		{8F7603E5-6D9C-4185-8E1C-8F2EE2FDA64A}.Release|iPhone.ActiveCfg = Release|Any CPU
		{8F7603E5-6D9C-4185-8E1C-8F2EE2FDA64A}.Release|iPhone.Build.0 = Release|Any CPU
		{8F7603E5-6D9C-4185-8E1C-8F2EE2FDA64A}.Release|iPhoneSimulator.ActiveCfg = Release|Any CPU
		{8F7603E5-6D9C-4185-8E1C-8F2EE2FDA64A}.Release|iPhoneSimulator.Build.0 = Release|Any CPU
		{070897DC-15DC-476F-9972-80AED8A1381A}.Ad-Hoc|Any CPU.ActiveCfg = Release|Any CPU
		{070897DC-15DC-476F-9972-80AED8A1381A}.Ad-Hoc|Any CPU.Build.0 = Release|Any CPU
		{070897DC-15DC-476F-9972-80AED8A1381A}.Ad-Hoc|iPhone.ActiveCfg = Release|Any CPU
		{070897DC-15DC-476F-9972-80AED8A1381A}.Ad-Hoc|iPhone.Build.0 = Release|Any CPU
		{070897DC-15DC-476F-9972-80AED8A1381A}.Ad-Hoc|iPhoneSimulator.ActiveCfg = Release|Any CPU
		{070897DC-15DC-476F-9972-80AED8A1381A}.Ad-Hoc|iPhoneSimulator.Build.0 = Release|Any CPU
		{070897DC-15DC-476F-9972-80AED8A1381A}.AppStore|Any CPU.ActiveCfg = Release|Any CPU
		{070897DC-15DC-476F-9972-80AED8A1381A}.AppStore|Any CPU.Build.0 = Release|Any CPU
		{070897DC-15DC-476F-9972-80AED8A1381A}.AppStore|iPhone.ActiveCfg = Release|Any CPU
		{070897DC-15DC-476F-9972-80AED8A1381A}.AppStore|iPhone.Build.0 = Release|Any CPU
		{070897DC-15DC-476F-9972-80AED8A1381A}.AppStore|iPhoneSimulator.ActiveCfg = Release|Any CPU
		{070897DC-15DC-476F-9972-80AED8A1381A}.AppStore|iPhoneSimulator.Build.0 = Release|Any CPU
		{070897DC-15DC-476F-9972-80AED8A1381A}.Debug|Any CPU.ActiveCfg = Debug|Any CPU
		{070897DC-15DC-476F-9972-80AED8A1381A}.Debug|Any CPU.Build.0 = Debug|Any CPU
		{070897DC-15DC-476F-9972-80AED8A1381A}.Debug|iPhone.ActiveCfg = Debug|Any CPU
		{070897DC-15DC-476F-9972-80AED8A1381A}.Debug|iPhone.Build.0 = Debug|Any CPU
		{070897DC-15DC-476F-9972-80AED8A1381A}.Debug|iPhoneSimulator.ActiveCfg = Debug|Any CPU
		{070897DC-15DC-476F-9972-80AED8A1381A}.Debug|iPhoneSimulator.Build.0 = Debug|Any CPU
		{070897DC-15DC-476F-9972-80AED8A1381A}.Release|Any CPU.ActiveCfg = Release|Any CPU
		{070897DC-15DC-476F-9972-80AED8A1381A}.Release|Any CPU.Build.0 = Release|Any CPU
		{070897DC-15DC-476F-9972-80AED8A1381A}.Release|iPhone.ActiveCfg = Release|Any CPU
		{070897DC-15DC-476F-9972-80AED8A1381A}.Release|iPhone.Build.0 = Release|Any CPU
		{070897DC-15DC-476F-9972-80AED8A1381A}.Release|iPhoneSimulator.ActiveCfg = Release|Any CPU
		{070897DC-15DC-476F-9972-80AED8A1381A}.Release|iPhoneSimulator.Build.0 = Release|Any CPU
		{867CC96A-C582-488C-9C16-9B9F4AA0670A}.Ad-Hoc|Any CPU.ActiveCfg = Release|Any CPU
		{867CC96A-C582-488C-9C16-9B9F4AA0670A}.Ad-Hoc|Any CPU.Build.0 = Release|Any CPU
		{867CC96A-C582-488C-9C16-9B9F4AA0670A}.Ad-Hoc|iPhone.ActiveCfg = Release|Any CPU
		{867CC96A-C582-488C-9C16-9B9F4AA0670A}.Ad-Hoc|iPhone.Build.0 = Release|Any CPU
		{867CC96A-C582-488C-9C16-9B9F4AA0670A}.Ad-Hoc|iPhoneSimulator.ActiveCfg = Release|Any CPU
		{867CC96A-C582-488C-9C16-9B9F4AA0670A}.Ad-Hoc|iPhoneSimulator.Build.0 = Release|Any CPU
		{867CC96A-C582-488C-9C16-9B9F4AA0670A}.AppStore|Any CPU.ActiveCfg = Release|Any CPU
		{867CC96A-C582-488C-9C16-9B9F4AA0670A}.AppStore|Any CPU.Build.0 = Release|Any CPU
		{867CC96A-C582-488C-9C16-9B9F4AA0670A}.AppStore|iPhone.ActiveCfg = Release|Any CPU
		{867CC96A-C582-488C-9C16-9B9F4AA0670A}.AppStore|iPhone.Build.0 = Release|Any CPU
		{867CC96A-C582-488C-9C16-9B9F4AA0670A}.AppStore|iPhoneSimulator.ActiveCfg = Release|Any CPU
		{867CC96A-C582-488C-9C16-9B9F4AA0670A}.AppStore|iPhoneSimulator.Build.0 = Release|Any CPU
		{867CC96A-C582-488C-9C16-9B9F4AA0670A}.Debug|Any CPU.ActiveCfg = Debug|Any CPU
		{867CC96A-C582-488C-9C16-9B9F4AA0670A}.Debug|Any CPU.Build.0 = Debug|Any CPU
		{867CC96A-C582-488C-9C16-9B9F4AA0670A}.Debug|iPhone.ActiveCfg = Debug|Any CPU
		{867CC96A-C582-488C-9C16-9B9F4AA0670A}.Debug|iPhone.Build.0 = Debug|Any CPU
		{867CC96A-C582-488C-9C16-9B9F4AA0670A}.Debug|iPhoneSimulator.ActiveCfg = Debug|Any CPU
		{867CC96A-C582-488C-9C16-9B9F4AA0670A}.Debug|iPhoneSimulator.Build.0 = Debug|Any CPU
		{867CC96A-C582-488C-9C16-9B9F4AA0670A}.Release|Any CPU.ActiveCfg = Release|Any CPU
		{867CC96A-C582-488C-9C16-9B9F4AA0670A}.Release|Any CPU.Build.0 = Release|Any CPU
		{867CC96A-C582-488C-9C16-9B9F4AA0670A}.Release|iPhone.ActiveCfg = Release|Any CPU
		{867CC96A-C582-488C-9C16-9B9F4AA0670A}.Release|iPhone.Build.0 = Release|Any CPU
		{867CC96A-C582-488C-9C16-9B9F4AA0670A}.Release|iPhoneSimulator.ActiveCfg = Release|Any CPU
		{867CC96A-C582-488C-9C16-9B9F4AA0670A}.Release|iPhoneSimulator.Build.0 = Release|Any CPU
		{72FB11A0-DAFC-4938-A096-43F18D35A67F}.Ad-Hoc|Any CPU.ActiveCfg = Release|Any CPU
		{72FB11A0-DAFC-4938-A096-43F18D35A67F}.Ad-Hoc|Any CPU.Build.0 = Release|Any CPU
		{72FB11A0-DAFC-4938-A096-43F18D35A67F}.Ad-Hoc|Any CPU.Deploy.0 = Release|Any CPU
		{72FB11A0-DAFC-4938-A096-43F18D35A67F}.Ad-Hoc|iPhone.ActiveCfg = Release|Any CPU
		{72FB11A0-DAFC-4938-A096-43F18D35A67F}.Ad-Hoc|iPhone.Build.0 = Release|Any CPU
		{72FB11A0-DAFC-4938-A096-43F18D35A67F}.Ad-Hoc|iPhone.Deploy.0 = Release|Any CPU
		{72FB11A0-DAFC-4938-A096-43F18D35A67F}.Ad-Hoc|iPhoneSimulator.ActiveCfg = Release|Any CPU
		{72FB11A0-DAFC-4938-A096-43F18D35A67F}.Ad-Hoc|iPhoneSimulator.Build.0 = Release|Any CPU
		{72FB11A0-DAFC-4938-A096-43F18D35A67F}.Ad-Hoc|iPhoneSimulator.Deploy.0 = Release|Any CPU
		{72FB11A0-DAFC-4938-A096-43F18D35A67F}.AppStore|Any CPU.ActiveCfg = Release|Any CPU
		{72FB11A0-DAFC-4938-A096-43F18D35A67F}.AppStore|Any CPU.Build.0 = Release|Any CPU
		{72FB11A0-DAFC-4938-A096-43F18D35A67F}.AppStore|Any CPU.Deploy.0 = Release|Any CPU
		{72FB11A0-DAFC-4938-A096-43F18D35A67F}.AppStore|iPhone.ActiveCfg = Release|Any CPU
		{72FB11A0-DAFC-4938-A096-43F18D35A67F}.AppStore|iPhone.Build.0 = Release|Any CPU
		{72FB11A0-DAFC-4938-A096-43F18D35A67F}.AppStore|iPhone.Deploy.0 = Release|Any CPU
		{72FB11A0-DAFC-4938-A096-43F18D35A67F}.AppStore|iPhoneSimulator.ActiveCfg = Release|Any CPU
		{72FB11A0-DAFC-4938-A096-43F18D35A67F}.AppStore|iPhoneSimulator.Build.0 = Release|Any CPU
		{72FB11A0-DAFC-4938-A096-43F18D35A67F}.AppStore|iPhoneSimulator.Deploy.0 = Release|Any CPU
		{72FB11A0-DAFC-4938-A096-43F18D35A67F}.Debug|Any CPU.ActiveCfg = Debug|Any CPU
		{72FB11A0-DAFC-4938-A096-43F18D35A67F}.Debug|Any CPU.Build.0 = Debug|Any CPU
		{72FB11A0-DAFC-4938-A096-43F18D35A67F}.Debug|Any CPU.Deploy.0 = Debug|Any CPU
		{72FB11A0-DAFC-4938-A096-43F18D35A67F}.Debug|iPhone.ActiveCfg = Debug|Any CPU
		{72FB11A0-DAFC-4938-A096-43F18D35A67F}.Debug|iPhone.Build.0 = Debug|Any CPU
		{72FB11A0-DAFC-4938-A096-43F18D35A67F}.Debug|iPhone.Deploy.0 = Debug|Any CPU
		{72FB11A0-DAFC-4938-A096-43F18D35A67F}.Debug|iPhoneSimulator.ActiveCfg = Debug|Any CPU
		{72FB11A0-DAFC-4938-A096-43F18D35A67F}.Debug|iPhoneSimulator.Build.0 = Debug|Any CPU
		{72FB11A0-DAFC-4938-A096-43F18D35A67F}.Debug|iPhoneSimulator.Deploy.0 = Debug|Any CPU
		{72FB11A0-DAFC-4938-A096-43F18D35A67F}.Release|Any CPU.ActiveCfg = Release|Any CPU
		{72FB11A0-DAFC-4938-A096-43F18D35A67F}.Release|Any CPU.Build.0 = Release|Any CPU
		{72FB11A0-DAFC-4938-A096-43F18D35A67F}.Release|Any CPU.Deploy.0 = Release|Any CPU
		{72FB11A0-DAFC-4938-A096-43F18D35A67F}.Release|iPhone.ActiveCfg = Release|Any CPU
		{72FB11A0-DAFC-4938-A096-43F18D35A67F}.Release|iPhone.Build.0 = Release|Any CPU
		{72FB11A0-DAFC-4938-A096-43F18D35A67F}.Release|iPhone.Deploy.0 = Release|Any CPU
		{72FB11A0-DAFC-4938-A096-43F18D35A67F}.Release|iPhoneSimulator.ActiveCfg = Release|Any CPU
		{72FB11A0-DAFC-4938-A096-43F18D35A67F}.Release|iPhoneSimulator.Build.0 = Release|Any CPU
		{72FB11A0-DAFC-4938-A096-43F18D35A67F}.Release|iPhoneSimulator.Deploy.0 = Release|Any CPU
		{38C5D427-EA27-40CB-AAB5-7D30A76A2E0E}.Ad-Hoc|Any CPU.ActiveCfg = Ad-Hoc|iPhone
		{38C5D427-EA27-40CB-AAB5-7D30A76A2E0E}.Ad-Hoc|iPhone.ActiveCfg = Ad-Hoc|iPhone
		{38C5D427-EA27-40CB-AAB5-7D30A76A2E0E}.Ad-Hoc|iPhone.Build.0 = Ad-Hoc|iPhone
		{38C5D427-EA27-40CB-AAB5-7D30A76A2E0E}.Ad-Hoc|iPhoneSimulator.ActiveCfg = Ad-Hoc|iPhoneSimulator
		{38C5D427-EA27-40CB-AAB5-7D30A76A2E0E}.Ad-Hoc|iPhoneSimulator.Build.0 = Ad-Hoc|iPhoneSimulator
		{38C5D427-EA27-40CB-AAB5-7D30A76A2E0E}.AppStore|Any CPU.ActiveCfg = AppStore|iPhone
		{38C5D427-EA27-40CB-AAB5-7D30A76A2E0E}.AppStore|iPhone.ActiveCfg = AppStore|iPhone
		{38C5D427-EA27-40CB-AAB5-7D30A76A2E0E}.AppStore|iPhone.Build.0 = AppStore|iPhone
		{38C5D427-EA27-40CB-AAB5-7D30A76A2E0E}.AppStore|iPhoneSimulator.ActiveCfg = AppStore|iPhoneSimulator
		{38C5D427-EA27-40CB-AAB5-7D30A76A2E0E}.AppStore|iPhoneSimulator.Build.0 = AppStore|iPhoneSimulator
		{38C5D427-EA27-40CB-AAB5-7D30A76A2E0E}.Debug|Any CPU.ActiveCfg = Debug|iPhone
		{38C5D427-EA27-40CB-AAB5-7D30A76A2E0E}.Debug|iPhone.ActiveCfg = Debug|iPhone
		{38C5D427-EA27-40CB-AAB5-7D30A76A2E0E}.Debug|iPhone.Build.0 = Debug|iPhone
		{38C5D427-EA27-40CB-AAB5-7D30A76A2E0E}.Debug|iPhoneSimulator.ActiveCfg = Debug|iPhoneSimulator
		{38C5D427-EA27-40CB-AAB5-7D30A76A2E0E}.Debug|iPhoneSimulator.Build.0 = Debug|iPhoneSimulator
		{38C5D427-EA27-40CB-AAB5-7D30A76A2E0E}.Release|Any CPU.ActiveCfg = Release|iPhone
		{38C5D427-EA27-40CB-AAB5-7D30A76A2E0E}.Release|iPhone.ActiveCfg = Release|iPhone
		{38C5D427-EA27-40CB-AAB5-7D30A76A2E0E}.Release|iPhone.Build.0 = Release|iPhone
		{38C5D427-EA27-40CB-AAB5-7D30A76A2E0E}.Release|iPhoneSimulator.ActiveCfg = Release|iPhoneSimulator
		{38C5D427-EA27-40CB-AAB5-7D30A76A2E0E}.Release|iPhoneSimulator.Build.0 = Release|iPhoneSimulator
		{7108534A-3BDD-43DC-BC80-D46B64541B9F}.Ad-Hoc|Any CPU.ActiveCfg = Release|Any CPU
		{7108534A-3BDD-43DC-BC80-D46B64541B9F}.Ad-Hoc|Any CPU.Build.0 = Release|Any CPU
		{7108534A-3BDD-43DC-BC80-D46B64541B9F}.Ad-Hoc|iPhone.ActiveCfg = Release|Any CPU
		{7108534A-3BDD-43DC-BC80-D46B64541B9F}.Ad-Hoc|iPhone.Build.0 = Release|Any CPU
		{7108534A-3BDD-43DC-BC80-D46B64541B9F}.Ad-Hoc|iPhoneSimulator.ActiveCfg = Release|Any CPU
		{7108534A-3BDD-43DC-BC80-D46B64541B9F}.Ad-Hoc|iPhoneSimulator.Build.0 = Release|Any CPU
		{7108534A-3BDD-43DC-BC80-D46B64541B9F}.AppStore|Any CPU.ActiveCfg = Release|Any CPU
		{7108534A-3BDD-43DC-BC80-D46B64541B9F}.AppStore|Any CPU.Build.0 = Release|Any CPU
		{7108534A-3BDD-43DC-BC80-D46B64541B9F}.AppStore|iPhone.ActiveCfg = Release|Any CPU
		{7108534A-3BDD-43DC-BC80-D46B64541B9F}.AppStore|iPhone.Build.0 = Release|Any CPU
		{7108534A-3BDD-43DC-BC80-D46B64541B9F}.AppStore|iPhoneSimulator.ActiveCfg = Release|Any CPU
		{7108534A-3BDD-43DC-BC80-D46B64541B9F}.AppStore|iPhoneSimulator.Build.0 = Release|Any CPU
		{7108534A-3BDD-43DC-BC80-D46B64541B9F}.Debug|Any CPU.ActiveCfg = Debug|Any CPU
		{7108534A-3BDD-43DC-BC80-D46B64541B9F}.Debug|Any CPU.Build.0 = Debug|Any CPU
		{7108534A-3BDD-43DC-BC80-D46B64541B9F}.Debug|iPhone.ActiveCfg = Debug|Any CPU
		{7108534A-3BDD-43DC-BC80-D46B64541B9F}.Debug|iPhone.Build.0 = Debug|Any CPU
		{7108534A-3BDD-43DC-BC80-D46B64541B9F}.Debug|iPhoneSimulator.ActiveCfg = Debug|Any CPU
		{7108534A-3BDD-43DC-BC80-D46B64541B9F}.Debug|iPhoneSimulator.Build.0 = Debug|Any CPU
		{7108534A-3BDD-43DC-BC80-D46B64541B9F}.Release|Any CPU.ActiveCfg = Release|Any CPU
		{7108534A-3BDD-43DC-BC80-D46B64541B9F}.Release|Any CPU.Build.0 = Release|Any CPU
		{7108534A-3BDD-43DC-BC80-D46B64541B9F}.Release|iPhone.ActiveCfg = Release|Any CPU
		{7108534A-3BDD-43DC-BC80-D46B64541B9F}.Release|iPhone.Build.0 = Release|Any CPU
		{7108534A-3BDD-43DC-BC80-D46B64541B9F}.Release|iPhoneSimulator.ActiveCfg = Release|Any CPU
		{7108534A-3BDD-43DC-BC80-D46B64541B9F}.Release|iPhoneSimulator.Build.0 = Release|Any CPU
	EndGlobalSection
	GlobalSection(SolutionProperties) = preSolution
		HideSolutionNode = FALSE
	EndGlobalSection
	GlobalSection(ExtensibilityGlobals) = postSolution
		SolutionGuid = {24713A28-0F94-4F28-8C75-FBEEFBA713B6}
	EndGlobalSection
EndGlobal
