
Microsoft Visual Studio Solution File, Format Version 12.00
# Visual Studio 15
VisualStudioVersion = 15.0.27004.2010
MinimumVisualStudioVersion = 10.0.40219.1
Project("{FAE04EC0-301F-11D3-BF4B-00C04F79EFBC}") = "libfintx", "libfintx\libfintx.csproj", "{7F69841C-B99E-4236-AE26-5B6AD0538AE6}"
EndProject
Project("{FAE04EC0-301F-11D3-BF4B-00C04F79EFBC}") = "libfintx.Tests", "libfintx.Tests\libfintx.Tests.csproj", "{746A19C6-300B-4B80-922F-94C684C91DB0}"
EndProject
Project("{FAE04EC0-301F-11D3-BF4B-00C04F79EFBC}") = "libfintx.Sample", "libfintx.Sample\libfintx.Sample.csproj", "{71728BA6-08B3-48AC-B8B2-B4D140773FA7}"
EndProject
Global
	GlobalSection(SolutionConfigurationPlatforms) = preSolution
		Ad-Hoc|Any CPU = Ad-Hoc|Any CPU
		Ad-Hoc|iPhone = Ad-Hoc|iPhone
		Ad-Hoc|iPhoneSimulator = Ad-Hoc|iPhoneSimulator
		AppStore|Any CPU = AppStore|Any CPU
		AppStore|iPhone = AppStore|iPhone
		AppStore|iPhoneSimulator = AppStore|iPhoneSimulator
		Debug|Any CPU = Debug|Any CPU
		Debug|iPhone = Debug|iPhone
		Debug|iPhoneSimulator = Debug|iPhoneSimulator
		Release|Any CPU = Release|Any CPU
		Release|iPhone = Release|iPhone
		Release|iPhoneSimulator = Release|iPhoneSimulator
	EndGlobalSection
	GlobalSection(ProjectConfigurationPlatforms) = postSolution
		{7F69841C-B99E-4236-AE26-5B6AD0538AE6}.Ad-Hoc|Any CPU.ActiveCfg = Release|Any CPU
		{7F69841C-B99E-4236-AE26-5B6AD0538AE6}.Ad-Hoc|Any CPU.Build.0 = Release|Any CPU
		{7F69841C-B99E-4236-AE26-5B6AD0538AE6}.Ad-Hoc|iPhone.ActiveCfg = Release|Any CPU
		{7F69841C-B99E-4236-AE26-5B6AD0538AE6}.Ad-Hoc|iPhone.Build.0 = Release|Any CPU
		{7F69841C-B99E-4236-AE26-5B6AD0538AE6}.Ad-Hoc|iPhoneSimulator.ActiveCfg = Release|Any CPU
		{7F69841C-B99E-4236-AE26-5B6AD0538AE6}.Ad-Hoc|iPhoneSimulator.Build.0 = Release|Any CPU
		{7F69841C-B99E-4236-AE26-5B6AD0538AE6}.AppStore|Any CPU.ActiveCfg = Release|Any CPU
		{7F69841C-B99E-4236-AE26-5B6AD0538AE6}.AppStore|Any CPU.Build.0 = Release|Any CPU
		{7F69841C-B99E-4236-AE26-5B6AD0538AE6}.AppStore|iPhone.ActiveCfg = Release|Any CPU
		{7F69841C-B99E-4236-AE26-5B6AD0538AE6}.AppStore|iPhone.Build.0 = Release|Any CPU
		{7F69841C-B99E-4236-AE26-5B6AD0538AE6}.AppStore|iPhoneSimulator.ActiveCfg = Release|Any CPU
		{7F69841C-B99E-4236-AE26-5B6AD0538AE6}.AppStore|iPhoneSimulator.Build.0 = Release|Any CPU
		{7F69841C-B99E-4236-AE26-5B6AD0538AE6}.Debug|Any CPU.ActiveCfg = Debug|Any CPU
		{7F69841C-B99E-4236-AE26-5B6AD0538AE6}.Debug|Any CPU.Build.0 = Debug|Any CPU
		{7F69841C-B99E-4236-AE26-5B6AD0538AE6}.Debug|iPhone.ActiveCfg = Debug|Any CPU
		{7F69841C-B99E-4236-AE26-5B6AD0538AE6}.Debug|iPhone.Build.0 = Debug|Any CPU
		{7F69841C-B99E-4236-AE26-5B6AD0538AE6}.Debug|iPhoneSimulator.ActiveCfg = Debug|Any CPU
		{7F69841C-B99E-4236-AE26-5B6AD0538AE6}.Debug|iPhoneSimulator.Build.0 = Debug|Any CPU
		{7F69841C-B99E-4236-AE26-5B6AD0538AE6}.Release|Any CPU.ActiveCfg = Release|Any CPU
		{7F69841C-B99E-4236-AE26-5B6AD0538AE6}.Release|Any CPU.Build.0 = Release|Any CPU
		{7F69841C-B99E-4236-AE26-5B6AD0538AE6}.Release|iPhone.ActiveCfg = Release|Any CPU
		{7F69841C-B99E-4236-AE26-5B6AD0538AE6}.Release|iPhone.Build.0 = Release|Any CPU
		{7F69841C-B99E-4236-AE26-5B6AD0538AE6}.Release|iPhoneSimulator.ActiveCfg = Release|Any CPU
		{7F69841C-B99E-4236-AE26-5B6AD0538AE6}.Release|iPhoneSimulator.Build.0 = Release|Any CPU
		{746A19C6-300B-4B80-922F-94C684C91DB0}.Ad-Hoc|Any CPU.ActiveCfg = Debug|Any CPU
		{746A19C6-300B-4B80-922F-94C684C91DB0}.Ad-Hoc|Any CPU.Build.0 = Debug|Any CPU
		{746A19C6-300B-4B80-922F-94C684C91DB0}.Ad-Hoc|iPhone.ActiveCfg = Debug|Any CPU
		{746A19C6-300B-4B80-922F-94C684C91DB0}.Ad-Hoc|iPhone.Build.0 = Debug|Any CPU
		{746A19C6-300B-4B80-922F-94C684C91DB0}.Ad-Hoc|iPhoneSimulator.ActiveCfg = Debug|Any CPU
		{746A19C6-300B-4B80-922F-94C684C91DB0}.Ad-Hoc|iPhoneSimulator.Build.0 = Debug|Any CPU
		{746A19C6-300B-4B80-922F-94C684C91DB0}.AppStore|Any CPU.ActiveCfg = Debug|Any CPU
		{746A19C6-300B-4B80-922F-94C684C91DB0}.AppStore|Any CPU.Build.0 = Debug|Any CPU
		{746A19C6-300B-4B80-922F-94C684C91DB0}.AppStore|iPhone.ActiveCfg = Debug|Any CPU
		{746A19C6-300B-4B80-922F-94C684C91DB0}.AppStore|iPhone.Build.0 = Debug|Any CPU
		{746A19C6-300B-4B80-922F-94C684C91DB0}.AppStore|iPhoneSimulator.ActiveCfg = Debug|Any CPU
		{746A19C6-300B-4B80-922F-94C684C91DB0}.AppStore|iPhoneSimulator.Build.0 = Debug|Any CPU
		{746A19C6-300B-4B80-922F-94C684C91DB0}.Debug|Any CPU.ActiveCfg = Debug|Any CPU
		{746A19C6-300B-4B80-922F-94C684C91DB0}.Debug|Any CPU.Build.0 = Debug|Any CPU
		{746A19C6-300B-4B80-922F-94C684C91DB0}.Debug|iPhone.ActiveCfg = Debug|Any CPU
		{746A19C6-300B-4B80-922F-94C684C91DB0}.Debug|iPhone.Build.0 = Debug|Any CPU
		{746A19C6-300B-4B80-922F-94C684C91DB0}.Debug|iPhoneSimulator.ActiveCfg = Debug|Any CPU
		{746A19C6-300B-4B80-922F-94C684C91DB0}.Debug|iPhoneSimulator.Build.0 = Debug|Any CPU
		{746A19C6-300B-4B80-922F-94C684C91DB0}.Release|Any CPU.ActiveCfg = Release|Any CPU
		{746A19C6-300B-4B80-922F-94C684C91DB0}.Release|Any CPU.Build.0 = Release|Any CPU
		{746A19C6-300B-4B80-922F-94C684C91DB0}.Release|iPhone.ActiveCfg = Release|Any CPU
		{746A19C6-300B-4B80-922F-94C684C91DB0}.Release|iPhone.Build.0 = Release|Any CPU
		{746A19C6-300B-4B80-922F-94C684C91DB0}.Release|iPhoneSimulator.ActiveCfg = Release|Any CPU
		{746A19C6-300B-4B80-922F-94C684C91DB0}.Release|iPhoneSimulator.Build.0 = Release|Any CPU
		{71728BA6-08B3-48AC-B8B2-B4D140773FA7}.Ad-Hoc|Any CPU.ActiveCfg = Debug|Any CPU
		{71728BA6-08B3-48AC-B8B2-B4D140773FA7}.Ad-Hoc|Any CPU.Build.0 = Debug|Any CPU
		{71728BA6-08B3-48AC-B8B2-B4D140773FA7}.Ad-Hoc|iPhone.ActiveCfg = Debug|Any CPU
		{71728BA6-08B3-48AC-B8B2-B4D140773FA7}.Ad-Hoc|iPhone.Build.0 = Debug|Any CPU
		{71728BA6-08B3-48AC-B8B2-B4D140773FA7}.Ad-Hoc|iPhoneSimulator.ActiveCfg = Debug|Any CPU
		{71728BA6-08B3-48AC-B8B2-B4D140773FA7}.Ad-Hoc|iPhoneSimulator.Build.0 = Debug|Any CPU
		{71728BA6-08B3-48AC-B8B2-B4D140773FA7}.AppStore|Any CPU.ActiveCfg = Debug|Any CPU
		{71728BA6-08B3-48AC-B8B2-B4D140773FA7}.AppStore|Any CPU.Build.0 = Debug|Any CPU
		{71728BA6-08B3-48AC-B8B2-B4D140773FA7}.AppStore|iPhone.ActiveCfg = Debug|Any CPU
		{71728BA6-08B3-48AC-B8B2-B4D140773FA7}.AppStore|iPhone.Build.0 = Debug|Any CPU
		{71728BA6-08B3-48AC-B8B2-B4D140773FA7}.AppStore|iPhoneSimulator.ActiveCfg = Debug|Any CPU
		{71728BA6-08B3-48AC-B8B2-B4D140773FA7}.AppStore|iPhoneSimulator.Build.0 = Debug|Any CPU
		{71728BA6-08B3-48AC-B8B2-B4D140773FA7}.Debug|Any CPU.ActiveCfg = Debug|Any CPU
		{71728BA6-08B3-48AC-B8B2-B4D140773FA7}.Debug|Any CPU.Build.0 = Debug|Any CPU
		{71728BA6-08B3-48AC-B8B2-B4D140773FA7}.Debug|iPhone.ActiveCfg = Debug|Any CPU
		{71728BA6-08B3-48AC-B8B2-B4D140773FA7}.Debug|iPhone.Build.0 = Debug|Any CPU
		{71728BA6-08B3-48AC-B8B2-B4D140773FA7}.Debug|iPhoneSimulator.ActiveCfg = Debug|Any CPU
		{71728BA6-08B3-48AC-B8B2-B4D140773FA7}.Debug|iPhoneSimulator.Build.0 = Debug|Any CPU
		{71728BA6-08B3-48AC-B8B2-B4D140773FA7}.Release|Any CPU.ActiveCfg = Release|Any CPU
		{71728BA6-08B3-48AC-B8B2-B4D140773FA7}.Release|Any CPU.Build.0 = Release|Any CPU
		{71728BA6-08B3-48AC-B8B2-B4D140773FA7}.Release|iPhone.ActiveCfg = Release|Any CPU
		{71728BA6-08B3-48AC-B8B2-B4D140773FA7}.Release|iPhone.Build.0 = Release|Any CPU
		{71728BA6-08B3-48AC-B8B2-B4D140773FA7}.Release|iPhoneSimulator.ActiveCfg = Release|Any CPU
		{71728BA6-08B3-48AC-B8B2-B4D140773FA7}.Release|iPhoneSimulator.Build.0 = Release|Any CPU
	EndGlobalSection
	GlobalSection(SolutionProperties) = preSolution
		HideSolutionNode = FALSE
	EndGlobalSection
	GlobalSection(ExtensibilityGlobals) = postSolution
		SolutionGuid = {24713A28-0F94-4F28-8C75-FBEEFBA713B6}
	EndGlobalSection
EndGlobal
