
Microsoft Visual Studio Solution File, Format Version 12.00
# Visual Studio Version 16
VisualStudioVersion = 16.0.29609.76
MinimumVisualStudioVersion = 10.0.40219.1
Project("{9A19103F-16F7-4668-BE54-9A1E7A4F7556}") = "libfintx", "libfintx\libfintx.csproj", "{7F69841C-B99E-4236-AE26-5B6AD0538AE6}"
EndProject
Project("{9A19103F-16F7-4668-BE54-9A1E7A4F7556}") = "libfintx.Tests", "libfintx.Tests\libfintx.Tests.csproj", "{746A19C6-300B-4B80-922F-94C684C91DB0}"
EndProject
Project("{9A19103F-16F7-4668-BE54-9A1E7A4F7556}") = "libfintx.Sample", "libfintx.Sample\libfintx.Sample.csproj", "{71728BA6-08B3-48AC-B8B2-B4D140773FA7}"
EndProject
Project("{FAE04EC0-301F-11D3-BF4B-00C04F79EFBC}") = "libfintx.Sample.Ui", "libfintx.Sample.Ui\libfintx.Sample.Ui.csproj", "{8C0B1658-3195-44D3-AB86-48EF6B66DB81}"
EndProject
Project("{FAE04EC0-301F-11D3-BF4B-00C04F79EFBC}") = "libfintx.Sample.Database", "libfintx.Sample.Database\libfintx.Sample.Database.csproj", "{989B7A9B-CBB4-4060-AA13-02FC6A6F8A21}"
EndProject
Project("{FAE04EC0-301F-11D3-BF4B-00C04F79EFBC}") = "libfintx.Samples.INIFile", "libfintx.Samples.INIFile\libfintx.Samples.INIFile.csproj", "{2E3A7696-0503-47B3-871C-0A0E6917A2E1}"
EndProject
Project("{9A19103F-16F7-4668-BE54-9A1E7A4F7556}") = "libfintx.EBICS", "libfintx.EBICS\libfintx.EBICS.csproj", "{C9569ABE-5D31-4B31-AEB0-C8737CFF0088}"
EndProject
Project("{9A19103F-16F7-4668-BE54-9A1E7A4F7556}") = "libfintx.Xml", "libfintx.Xml\libfintx.Xml.csproj", "{3AE7CBD8-293B-4B57-9785-03EA73A400C3}"
EndProject
Project("{9A19103F-16F7-4668-BE54-9A1E7A4F7556}") = "libfintx.EBICSConfig", "libfintx.EBICSConfig\libfintx.EBICSConfig.csproj", "{A18FF0A8-F4F7-40FD-97E9-7816D4A76BE7}"
EndProject
Project("{9A19103F-16F7-4668-BE54-9A1E7A4F7556}") = "libfintx.Security", "libfintx.Security\libfintx.Security.csproj", "{A729CF01-3C4A-46CA-A7B0-CE39E23A35E9}"
EndProject
Project("{9A19103F-16F7-4668-BE54-9A1E7A4F7556}") = "libfintx.FinTS", "libfintx.FinTS\libfintx.FinTS.csproj", "{8224A286-F80B-4A70-AD12-506E785C9523}"
EndProject
Project("{9A19103F-16F7-4668-BE54-9A1E7A4F7556}") = "libfintx.Settings", "libfintx.Settings\libfintx.Settings.csproj", "{1B2B651B-B212-4576-AFA5-2318B4A8DDFF}"
EndProject
Project("{9A19103F-16F7-4668-BE54-9A1E7A4F7556}") = "libfintx.Database", "libfintx.Database\libfintx.Database.csproj", "{301DFD17-58A8-4692-94E5-277319C82865}"
EndProject
Project("{9A19103F-16F7-4668-BE54-9A1E7A4F7556}") = "libfintx.Sepa", "libfintx.Sepa\libfintx.Sepa.csproj", "{2025E5A8-0D07-4A83-95AA-D2B94D13A8B3}"
EndProject
Project("{FAE04EC0-301F-11D3-BF4B-00C04F79EFBC}") = "libfintx.FinTSConfig", "libfintx.FinTSConfig\libfintx.FinTSConfig.csproj", "{30DE3EB4-CAC7-44AE-B6E0-339DF98DB0C0}"
EndProject
Project("{FAE04EC0-301F-11D3-BF4B-00C04F79EFBC}") = "libfintx.Logger", "libfintx.Logger\libfintx.Logger.csproj", "{FD5E2682-23CB-4999-89E6-1870E3DC6AD7}"
EndProject
Project("{FAE04EC0-301F-11D3-BF4B-00C04F79EFBC}") = "libfintx.Globals", "libfintx.Globals\libfintx.Globals.csproj", "{92C45F76-57B3-4C47-9414-6E4ACB15C44E}"
EndProject
Global
	GlobalSection(SolutionConfigurationPlatforms) = preSolution
		Ad-Hoc|Any CPU = Ad-Hoc|Any CPU
		Ad-Hoc|iPhone = Ad-Hoc|iPhone
		Ad-Hoc|iPhoneSimulator = Ad-Hoc|iPhoneSimulator
		AppStore|Any CPU = AppStore|Any CPU
		AppStore|iPhone = AppStore|iPhone
		AppStore|iPhoneSimulator = AppStore|iPhoneSimulator
		Debug|Any CPU = Debug|Any CPU
		Debug|iPhone = Debug|iPhone
		Debug|iPhoneSimulator = Debug|iPhoneSimulator
		Release|Any CPU = Release|Any CPU
		Release|iPhone = Release|iPhone
		Release|iPhoneSimulator = Release|iPhoneSimulator
	EndGlobalSection
	GlobalSection(ProjectConfigurationPlatforms) = postSolution
		{7F69841C-B99E-4236-AE26-5B6AD0538AE6}.Ad-Hoc|Any CPU.ActiveCfg = Release|Any CPU
		{7F69841C-B99E-4236-AE26-5B6AD0538AE6}.Ad-Hoc|Any CPU.Build.0 = Release|Any CPU
		{7F69841C-B99E-4236-AE26-5B6AD0538AE6}.Ad-Hoc|iPhone.ActiveCfg = Release|Any CPU
		{7F69841C-B99E-4236-AE26-5B6AD0538AE6}.Ad-Hoc|iPhone.Build.0 = Release|Any CPU
		{7F69841C-B99E-4236-AE26-5B6AD0538AE6}.Ad-Hoc|iPhoneSimulator.ActiveCfg = Release|Any CPU
		{7F69841C-B99E-4236-AE26-5B6AD0538AE6}.Ad-Hoc|iPhoneSimulator.Build.0 = Release|Any CPU
		{7F69841C-B99E-4236-AE26-5B6AD0538AE6}.AppStore|Any CPU.ActiveCfg = Release|Any CPU
		{7F69841C-B99E-4236-AE26-5B6AD0538AE6}.AppStore|Any CPU.Build.0 = Release|Any CPU
		{7F69841C-B99E-4236-AE26-5B6AD0538AE6}.AppStore|iPhone.ActiveCfg = Release|Any CPU
		{7F69841C-B99E-4236-AE26-5B6AD0538AE6}.AppStore|iPhone.Build.0 = Release|Any CPU
		{7F69841C-B99E-4236-AE26-5B6AD0538AE6}.AppStore|iPhoneSimulator.ActiveCfg = Release|Any CPU
		{7F69841C-B99E-4236-AE26-5B6AD0538AE6}.AppStore|iPhoneSimulator.Build.0 = Release|Any CPU
		{7F69841C-B99E-4236-AE26-5B6AD0538AE6}.Debug|Any CPU.ActiveCfg = Debug|Any CPU
		{7F69841C-B99E-4236-AE26-5B6AD0538AE6}.Debug|Any CPU.Build.0 = Debug|Any CPU
		{7F69841C-B99E-4236-AE26-5B6AD0538AE6}.Debug|iPhone.ActiveCfg = Debug|Any CPU
		{7F69841C-B99E-4236-AE26-5B6AD0538AE6}.Debug|iPhone.Build.0 = Debug|Any CPU
		{7F69841C-B99E-4236-AE26-5B6AD0538AE6}.Debug|iPhoneSimulator.ActiveCfg = Debug|Any CPU
		{7F69841C-B99E-4236-AE26-5B6AD0538AE6}.Debug|iPhoneSimulator.Build.0 = Debug|Any CPU
		{7F69841C-B99E-4236-AE26-5B6AD0538AE6}.Release|Any CPU.ActiveCfg = Release|Any CPU
		{7F69841C-B99E-4236-AE26-5B6AD0538AE6}.Release|Any CPU.Build.0 = Release|Any CPU
		{7F69841C-B99E-4236-AE26-5B6AD0538AE6}.Release|iPhone.ActiveCfg = Release|Any CPU
		{7F69841C-B99E-4236-AE26-5B6AD0538AE6}.Release|iPhone.Build.0 = Release|Any CPU
		{7F69841C-B99E-4236-AE26-5B6AD0538AE6}.Release|iPhoneSimulator.ActiveCfg = Release|Any CPU
		{7F69841C-B99E-4236-AE26-5B6AD0538AE6}.Release|iPhoneSimulator.Build.0 = Release|Any CPU
		{746A19C6-300B-4B80-922F-94C684C91DB0}.Ad-Hoc|Any CPU.ActiveCfg = Debug|Any CPU
		{746A19C6-300B-4B80-922F-94C684C91DB0}.Ad-Hoc|Any CPU.Build.0 = Debug|Any CPU
		{746A19C6-300B-4B80-922F-94C684C91DB0}.Ad-Hoc|iPhone.ActiveCfg = Debug|Any CPU
		{746A19C6-300B-4B80-922F-94C684C91DB0}.Ad-Hoc|iPhone.Build.0 = Debug|Any CPU
		{746A19C6-300B-4B80-922F-94C684C91DB0}.Ad-Hoc|iPhoneSimulator.ActiveCfg = Debug|Any CPU
		{746A19C6-300B-4B80-922F-94C684C91DB0}.Ad-Hoc|iPhoneSimulator.Build.0 = Debug|Any CPU
		{746A19C6-300B-4B80-922F-94C684C91DB0}.AppStore|Any CPU.ActiveCfg = Debug|Any CPU
		{746A19C6-300B-4B80-922F-94C684C91DB0}.AppStore|Any CPU.Build.0 = Debug|Any CPU
		{746A19C6-300B-4B80-922F-94C684C91DB0}.AppStore|iPhone.ActiveCfg = Debug|Any CPU
		{746A19C6-300B-4B80-922F-94C684C91DB0}.AppStore|iPhone.Build.0 = Debug|Any CPU
		{746A19C6-300B-4B80-922F-94C684C91DB0}.AppStore|iPhoneSimulator.ActiveCfg = Debug|Any CPU
		{746A19C6-300B-4B80-922F-94C684C91DB0}.AppStore|iPhoneSimulator.Build.0 = Debug|Any CPU
		{746A19C6-300B-4B80-922F-94C684C91DB0}.Debug|Any CPU.ActiveCfg = Debug|Any CPU
		{746A19C6-300B-4B80-922F-94C684C91DB0}.Debug|Any CPU.Build.0 = Debug|Any CPU
		{746A19C6-300B-4B80-922F-94C684C91DB0}.Debug|iPhone.ActiveCfg = Debug|Any CPU
		{746A19C6-300B-4B80-922F-94C684C91DB0}.Debug|iPhone.Build.0 = Debug|Any CPU
		{746A19C6-300B-4B80-922F-94C684C91DB0}.Debug|iPhoneSimulator.ActiveCfg = Debug|Any CPU
		{746A19C6-300B-4B80-922F-94C684C91DB0}.Debug|iPhoneSimulator.Build.0 = Debug|Any CPU
		{746A19C6-300B-4B80-922F-94C684C91DB0}.Release|Any CPU.ActiveCfg = Release|Any CPU
		{746A19C6-300B-4B80-922F-94C684C91DB0}.Release|Any CPU.Build.0 = Release|Any CPU
		{746A19C6-300B-4B80-922F-94C684C91DB0}.Release|iPhone.ActiveCfg = Release|Any CPU
		{746A19C6-300B-4B80-922F-94C684C91DB0}.Release|iPhone.Build.0 = Release|Any CPU
		{746A19C6-300B-4B80-922F-94C684C91DB0}.Release|iPhoneSimulator.ActiveCfg = Release|Any CPU
		{746A19C6-300B-4B80-922F-94C684C91DB0}.Release|iPhoneSimulator.Build.0 = Release|Any CPU
		{71728BA6-08B3-48AC-B8B2-B4D140773FA7}.Ad-Hoc|Any CPU.ActiveCfg = Debug|Any CPU
		{71728BA6-08B3-48AC-B8B2-B4D140773FA7}.Ad-Hoc|Any CPU.Build.0 = Debug|Any CPU
		{71728BA6-08B3-48AC-B8B2-B4D140773FA7}.Ad-Hoc|iPhone.ActiveCfg = Debug|Any CPU
		{71728BA6-08B3-48AC-B8B2-B4D140773FA7}.Ad-Hoc|iPhone.Build.0 = Debug|Any CPU
		{71728BA6-08B3-48AC-B8B2-B4D140773FA7}.Ad-Hoc|iPhoneSimulator.ActiveCfg = Debug|Any CPU
		{71728BA6-08B3-48AC-B8B2-B4D140773FA7}.Ad-Hoc|iPhoneSimulator.Build.0 = Debug|Any CPU
		{71728BA6-08B3-48AC-B8B2-B4D140773FA7}.AppStore|Any CPU.ActiveCfg = Debug|Any CPU
		{71728BA6-08B3-48AC-B8B2-B4D140773FA7}.AppStore|Any CPU.Build.0 = Debug|Any CPU
		{71728BA6-08B3-48AC-B8B2-B4D140773FA7}.AppStore|iPhone.ActiveCfg = Debug|Any CPU
		{71728BA6-08B3-48AC-B8B2-B4D140773FA7}.AppStore|iPhone.Build.0 = Debug|Any CPU
		{71728BA6-08B3-48AC-B8B2-B4D140773FA7}.AppStore|iPhoneSimulator.ActiveCfg = Debug|Any CPU
		{71728BA6-08B3-48AC-B8B2-B4D140773FA7}.AppStore|iPhoneSimulator.Build.0 = Debug|Any CPU
		{71728BA6-08B3-48AC-B8B2-B4D140773FA7}.Debug|Any CPU.ActiveCfg = Debug|Any CPU
		{71728BA6-08B3-48AC-B8B2-B4D140773FA7}.Debug|Any CPU.Build.0 = Debug|Any CPU
		{71728BA6-08B3-48AC-B8B2-B4D140773FA7}.Debug|iPhone.ActiveCfg = Debug|Any CPU
		{71728BA6-08B3-48AC-B8B2-B4D140773FA7}.Debug|iPhone.Build.0 = Debug|Any CPU
		{71728BA6-08B3-48AC-B8B2-B4D140773FA7}.Debug|iPhoneSimulator.ActiveCfg = Debug|Any CPU
		{71728BA6-08B3-48AC-B8B2-B4D140773FA7}.Debug|iPhoneSimulator.Build.0 = Debug|Any CPU
		{71728BA6-08B3-48AC-B8B2-B4D140773FA7}.Release|Any CPU.ActiveCfg = Release|Any CPU
		{71728BA6-08B3-48AC-B8B2-B4D140773FA7}.Release|Any CPU.Build.0 = Release|Any CPU
		{71728BA6-08B3-48AC-B8B2-B4D140773FA7}.Release|iPhone.ActiveCfg = Release|Any CPU
		{71728BA6-08B3-48AC-B8B2-B4D140773FA7}.Release|iPhone.Build.0 = Release|Any CPU
		{71728BA6-08B3-48AC-B8B2-B4D140773FA7}.Release|iPhoneSimulator.ActiveCfg = Release|Any CPU
		{71728BA6-08B3-48AC-B8B2-B4D140773FA7}.Release|iPhoneSimulator.Build.0 = Release|Any CPU
		{8C0B1658-3195-44D3-AB86-48EF6B66DB81}.Ad-Hoc|Any CPU.ActiveCfg = Release|Any CPU
		{8C0B1658-3195-44D3-AB86-48EF6B66DB81}.Ad-Hoc|Any CPU.Build.0 = Release|Any CPU
		{8C0B1658-3195-44D3-AB86-48EF6B66DB81}.Ad-Hoc|iPhone.ActiveCfg = Release|Any CPU
		{8C0B1658-3195-44D3-AB86-48EF6B66DB81}.Ad-Hoc|iPhone.Build.0 = Release|Any CPU
		{8C0B1658-3195-44D3-AB86-48EF6B66DB81}.Ad-Hoc|iPhoneSimulator.ActiveCfg = Release|Any CPU
		{8C0B1658-3195-44D3-AB86-48EF6B66DB81}.Ad-Hoc|iPhoneSimulator.Build.0 = Release|Any CPU
		{8C0B1658-3195-44D3-AB86-48EF6B66DB81}.AppStore|Any CPU.ActiveCfg = Release|Any CPU
		{8C0B1658-3195-44D3-AB86-48EF6B66DB81}.AppStore|Any CPU.Build.0 = Release|Any CPU
		{8C0B1658-3195-44D3-AB86-48EF6B66DB81}.AppStore|iPhone.ActiveCfg = Release|Any CPU
		{8C0B1658-3195-44D3-AB86-48EF6B66DB81}.AppStore|iPhone.Build.0 = Release|Any CPU
		{8C0B1658-3195-44D3-AB86-48EF6B66DB81}.AppStore|iPhoneSimulator.ActiveCfg = Release|Any CPU
		{8C0B1658-3195-44D3-AB86-48EF6B66DB81}.AppStore|iPhoneSimulator.Build.0 = Release|Any CPU
		{8C0B1658-3195-44D3-AB86-48EF6B66DB81}.Debug|Any CPU.ActiveCfg = Debug|Any CPU
		{8C0B1658-3195-44D3-AB86-48EF6B66DB81}.Debug|Any CPU.Build.0 = Debug|Any CPU
		{8C0B1658-3195-44D3-AB86-48EF6B66DB81}.Debug|iPhone.ActiveCfg = Debug|Any CPU
		{8C0B1658-3195-44D3-AB86-48EF6B66DB81}.Debug|iPhone.Build.0 = Debug|Any CPU
		{8C0B1658-3195-44D3-AB86-48EF6B66DB81}.Debug|iPhoneSimulator.ActiveCfg = Debug|Any CPU
		{8C0B1658-3195-44D3-AB86-48EF6B66DB81}.Debug|iPhoneSimulator.Build.0 = Debug|Any CPU
		{8C0B1658-3195-44D3-AB86-48EF6B66DB81}.Release|Any CPU.ActiveCfg = Release|Any CPU
		{8C0B1658-3195-44D3-AB86-48EF6B66DB81}.Release|Any CPU.Build.0 = Release|Any CPU
		{8C0B1658-3195-44D3-AB86-48EF6B66DB81}.Release|iPhone.ActiveCfg = Release|Any CPU
		{8C0B1658-3195-44D3-AB86-48EF6B66DB81}.Release|iPhone.Build.0 = Release|Any CPU
		{8C0B1658-3195-44D3-AB86-48EF6B66DB81}.Release|iPhoneSimulator.ActiveCfg = Release|Any CPU
		{8C0B1658-3195-44D3-AB86-48EF6B66DB81}.Release|iPhoneSimulator.Build.0 = Release|Any CPU
		{989B7A9B-CBB4-4060-AA13-02FC6A6F8A21}.Ad-Hoc|Any CPU.ActiveCfg = Debug|Any CPU
		{989B7A9B-CBB4-4060-AA13-02FC6A6F8A21}.Ad-Hoc|Any CPU.Build.0 = Debug|Any CPU
		{989B7A9B-CBB4-4060-AA13-02FC6A6F8A21}.Ad-Hoc|iPhone.ActiveCfg = Debug|Any CPU
		{989B7A9B-CBB4-4060-AA13-02FC6A6F8A21}.Ad-Hoc|iPhone.Build.0 = Debug|Any CPU
		{989B7A9B-CBB4-4060-AA13-02FC6A6F8A21}.Ad-Hoc|iPhoneSimulator.ActiveCfg = Debug|Any CPU
		{989B7A9B-CBB4-4060-AA13-02FC6A6F8A21}.Ad-Hoc|iPhoneSimulator.Build.0 = Debug|Any CPU
		{989B7A9B-CBB4-4060-AA13-02FC6A6F8A21}.AppStore|Any CPU.ActiveCfg = Debug|Any CPU
		{989B7A9B-CBB4-4060-AA13-02FC6A6F8A21}.AppStore|Any CPU.Build.0 = Debug|Any CPU
		{989B7A9B-CBB4-4060-AA13-02FC6A6F8A21}.AppStore|iPhone.ActiveCfg = Debug|Any CPU
		{989B7A9B-CBB4-4060-AA13-02FC6A6F8A21}.AppStore|iPhone.Build.0 = Debug|Any CPU
		{989B7A9B-CBB4-4060-AA13-02FC6A6F8A21}.AppStore|iPhoneSimulator.ActiveCfg = Debug|Any CPU
		{989B7A9B-CBB4-4060-AA13-02FC6A6F8A21}.AppStore|iPhoneSimulator.Build.0 = Debug|Any CPU
		{989B7A9B-CBB4-4060-AA13-02FC6A6F8A21}.Debug|Any CPU.ActiveCfg = Debug|Any CPU
		{989B7A9B-CBB4-4060-AA13-02FC6A6F8A21}.Debug|Any CPU.Build.0 = Debug|Any CPU
		{989B7A9B-CBB4-4060-AA13-02FC6A6F8A21}.Debug|iPhone.ActiveCfg = Debug|Any CPU
		{989B7A9B-CBB4-4060-AA13-02FC6A6F8A21}.Debug|iPhone.Build.0 = Debug|Any CPU
		{989B7A9B-CBB4-4060-AA13-02FC6A6F8A21}.Debug|iPhoneSimulator.ActiveCfg = Debug|Any CPU
		{989B7A9B-CBB4-4060-AA13-02FC6A6F8A21}.Debug|iPhoneSimulator.Build.0 = Debug|Any CPU
		{989B7A9B-CBB4-4060-AA13-02FC6A6F8A21}.Release|Any CPU.ActiveCfg = Release|Any CPU
		{989B7A9B-CBB4-4060-AA13-02FC6A6F8A21}.Release|Any CPU.Build.0 = Release|Any CPU
		{989B7A9B-CBB4-4060-AA13-02FC6A6F8A21}.Release|iPhone.ActiveCfg = Release|Any CPU
		{989B7A9B-CBB4-4060-AA13-02FC6A6F8A21}.Release|iPhone.Build.0 = Release|Any CPU
		{989B7A9B-CBB4-4060-AA13-02FC6A6F8A21}.Release|iPhoneSimulator.ActiveCfg = Release|Any CPU
		{989B7A9B-CBB4-4060-AA13-02FC6A6F8A21}.Release|iPhoneSimulator.Build.0 = Release|Any CPU
		{2E3A7696-0503-47B3-871C-0A0E6917A2E1}.Ad-Hoc|Any CPU.ActiveCfg = Debug|Any CPU
		{2E3A7696-0503-47B3-871C-0A0E6917A2E1}.Ad-Hoc|Any CPU.Build.0 = Debug|Any CPU
		{2E3A7696-0503-47B3-871C-0A0E6917A2E1}.Ad-Hoc|iPhone.ActiveCfg = Debug|Any CPU
		{2E3A7696-0503-47B3-871C-0A0E6917A2E1}.Ad-Hoc|iPhone.Build.0 = Debug|Any CPU
		{2E3A7696-0503-47B3-871C-0A0E6917A2E1}.Ad-Hoc|iPhoneSimulator.ActiveCfg = Debug|Any CPU
		{2E3A7696-0503-47B3-871C-0A0E6917A2E1}.Ad-Hoc|iPhoneSimulator.Build.0 = Debug|Any CPU
		{2E3A7696-0503-47B3-871C-0A0E6917A2E1}.AppStore|Any CPU.ActiveCfg = Debug|Any CPU
		{2E3A7696-0503-47B3-871C-0A0E6917A2E1}.AppStore|Any CPU.Build.0 = Debug|Any CPU
		{2E3A7696-0503-47B3-871C-0A0E6917A2E1}.AppStore|iPhone.ActiveCfg = Debug|Any CPU
		{2E3A7696-0503-47B3-871C-0A0E6917A2E1}.AppStore|iPhone.Build.0 = Debug|Any CPU
		{2E3A7696-0503-47B3-871C-0A0E6917A2E1}.AppStore|iPhoneSimulator.ActiveCfg = Debug|Any CPU
		{2E3A7696-0503-47B3-871C-0A0E6917A2E1}.AppStore|iPhoneSimulator.Build.0 = Debug|Any CPU
		{2E3A7696-0503-47B3-871C-0A0E6917A2E1}.Debug|Any CPU.ActiveCfg = Debug|Any CPU
		{2E3A7696-0503-47B3-871C-0A0E6917A2E1}.Debug|Any CPU.Build.0 = Debug|Any CPU
		{2E3A7696-0503-47B3-871C-0A0E6917A2E1}.Debug|iPhone.ActiveCfg = Debug|Any CPU
		{2E3A7696-0503-47B3-871C-0A0E6917A2E1}.Debug|iPhone.Build.0 = Debug|Any CPU
		{2E3A7696-0503-47B3-871C-0A0E6917A2E1}.Debug|iPhoneSimulator.ActiveCfg = Debug|Any CPU
		{2E3A7696-0503-47B3-871C-0A0E6917A2E1}.Debug|iPhoneSimulator.Build.0 = Debug|Any CPU
		{2E3A7696-0503-47B3-871C-0A0E6917A2E1}.Release|Any CPU.ActiveCfg = Release|Any CPU
		{2E3A7696-0503-47B3-871C-0A0E6917A2E1}.Release|Any CPU.Build.0 = Release|Any CPU
		{2E3A7696-0503-47B3-871C-0A0E6917A2E1}.Release|iPhone.ActiveCfg = Release|Any CPU
		{2E3A7696-0503-47B3-871C-0A0E6917A2E1}.Release|iPhone.Build.0 = Release|Any CPU
		{2E3A7696-0503-47B3-871C-0A0E6917A2E1}.Release|iPhoneSimulator.ActiveCfg = Release|Any CPU
		{2E3A7696-0503-47B3-871C-0A0E6917A2E1}.Release|iPhoneSimulator.Build.0 = Release|Any CPU
		{C9569ABE-5D31-4B31-AEB0-C8737CFF0088}.Ad-Hoc|Any CPU.ActiveCfg = Debug|Any CPU
		{C9569ABE-5D31-4B31-AEB0-C8737CFF0088}.Ad-Hoc|Any CPU.Build.0 = Debug|Any CPU
		{C9569ABE-5D31-4B31-AEB0-C8737CFF0088}.Ad-Hoc|iPhone.ActiveCfg = Debug|Any CPU
		{C9569ABE-5D31-4B31-AEB0-C8737CFF0088}.Ad-Hoc|iPhone.Build.0 = Debug|Any CPU
		{C9569ABE-5D31-4B31-AEB0-C8737CFF0088}.Ad-Hoc|iPhoneSimulator.ActiveCfg = Debug|Any CPU
		{C9569ABE-5D31-4B31-AEB0-C8737CFF0088}.Ad-Hoc|iPhoneSimulator.Build.0 = Debug|Any CPU
		{C9569ABE-5D31-4B31-AEB0-C8737CFF0088}.AppStore|Any CPU.ActiveCfg = Debug|Any CPU
		{C9569ABE-5D31-4B31-AEB0-C8737CFF0088}.AppStore|Any CPU.Build.0 = Debug|Any CPU
		{C9569ABE-5D31-4B31-AEB0-C8737CFF0088}.AppStore|iPhone.ActiveCfg = Debug|Any CPU
		{C9569ABE-5D31-4B31-AEB0-C8737CFF0088}.AppStore|iPhone.Build.0 = Debug|Any CPU
		{C9569ABE-5D31-4B31-AEB0-C8737CFF0088}.AppStore|iPhoneSimulator.ActiveCfg = Debug|Any CPU
		{C9569ABE-5D31-4B31-AEB0-C8737CFF0088}.AppStore|iPhoneSimulator.Build.0 = Debug|Any CPU
		{C9569ABE-5D31-4B31-AEB0-C8737CFF0088}.Debug|Any CPU.ActiveCfg = Debug|Any CPU
		{C9569ABE-5D31-4B31-AEB0-C8737CFF0088}.Debug|Any CPU.Build.0 = Debug|Any CPU
		{C9569ABE-5D31-4B31-AEB0-C8737CFF0088}.Debug|iPhone.ActiveCfg = Debug|Any CPU
		{C9569ABE-5D31-4B31-AEB0-C8737CFF0088}.Debug|iPhone.Build.0 = Debug|Any CPU
		{C9569ABE-5D31-4B31-AEB0-C8737CFF0088}.Debug|iPhoneSimulator.ActiveCfg = Debug|Any CPU
		{C9569ABE-5D31-4B31-AEB0-C8737CFF0088}.Debug|iPhoneSimulator.Build.0 = Debug|Any CPU
		{C9569ABE-5D31-4B31-AEB0-C8737CFF0088}.Release|Any CPU.ActiveCfg = Release|Any CPU
		{C9569ABE-5D31-4B31-AEB0-C8737CFF0088}.Release|Any CPU.Build.0 = Release|Any CPU
		{C9569ABE-5D31-4B31-AEB0-C8737CFF0088}.Release|iPhone.ActiveCfg = Release|Any CPU
		{C9569ABE-5D31-4B31-AEB0-C8737CFF0088}.Release|iPhone.Build.0 = Release|Any CPU
		{C9569ABE-5D31-4B31-AEB0-C8737CFF0088}.Release|iPhoneSimulator.ActiveCfg = Release|Any CPU
		{C9569ABE-5D31-4B31-AEB0-C8737CFF0088}.Release|iPhoneSimulator.Build.0 = Release|Any CPU
		{3AE7CBD8-293B-4B57-9785-03EA73A400C3}.Ad-Hoc|Any CPU.ActiveCfg = Debug|Any CPU
		{3AE7CBD8-293B-4B57-9785-03EA73A400C3}.Ad-Hoc|Any CPU.Build.0 = Debug|Any CPU
		{3AE7CBD8-293B-4B57-9785-03EA73A400C3}.Ad-Hoc|iPhone.ActiveCfg = Debug|Any CPU
		{3AE7CBD8-293B-4B57-9785-03EA73A400C3}.Ad-Hoc|iPhone.Build.0 = Debug|Any CPU
		{3AE7CBD8-293B-4B57-9785-03EA73A400C3}.Ad-Hoc|iPhoneSimulator.ActiveCfg = Debug|Any CPU
		{3AE7CBD8-293B-4B57-9785-03EA73A400C3}.Ad-Hoc|iPhoneSimulator.Build.0 = Debug|Any CPU
		{3AE7CBD8-293B-4B57-9785-03EA73A400C3}.AppStore|Any CPU.ActiveCfg = Debug|Any CPU
		{3AE7CBD8-293B-4B57-9785-03EA73A400C3}.AppStore|Any CPU.Build.0 = Debug|Any CPU
		{3AE7CBD8-293B-4B57-9785-03EA73A400C3}.AppStore|iPhone.ActiveCfg = Debug|Any CPU
		{3AE7CBD8-293B-4B57-9785-03EA73A400C3}.AppStore|iPhone.Build.0 = Debug|Any CPU
		{3AE7CBD8-293B-4B57-9785-03EA73A400C3}.AppStore|iPhoneSimulator.ActiveCfg = Debug|Any CPU
		{3AE7CBD8-293B-4B57-9785-03EA73A400C3}.AppStore|iPhoneSimulator.Build.0 = Debug|Any CPU
		{3AE7CBD8-293B-4B57-9785-03EA73A400C3}.Debug|Any CPU.ActiveCfg = Debug|Any CPU
		{3AE7CBD8-293B-4B57-9785-03EA73A400C3}.Debug|Any CPU.Build.0 = Debug|Any CPU
		{3AE7CBD8-293B-4B57-9785-03EA73A400C3}.Debug|iPhone.ActiveCfg = Debug|Any CPU
		{3AE7CBD8-293B-4B57-9785-03EA73A400C3}.Debug|iPhone.Build.0 = Debug|Any CPU
		{3AE7CBD8-293B-4B57-9785-03EA73A400C3}.Debug|iPhoneSimulator.ActiveCfg = Debug|Any CPU
		{3AE7CBD8-293B-4B57-9785-03EA73A400C3}.Debug|iPhoneSimulator.Build.0 = Debug|Any CPU
		{3AE7CBD8-293B-4B57-9785-03EA73A400C3}.Release|Any CPU.ActiveCfg = Release|Any CPU
		{3AE7CBD8-293B-4B57-9785-03EA73A400C3}.Release|Any CPU.Build.0 = Release|Any CPU
		{3AE7CBD8-293B-4B57-9785-03EA73A400C3}.Release|iPhone.ActiveCfg = Release|Any CPU
		{3AE7CBD8-293B-4B57-9785-03EA73A400C3}.Release|iPhone.Build.0 = Release|Any CPU
		{3AE7CBD8-293B-4B57-9785-03EA73A400C3}.Release|iPhoneSimulator.ActiveCfg = Release|Any CPU
		{3AE7CBD8-293B-4B57-9785-03EA73A400C3}.Release|iPhoneSimulator.Build.0 = Release|Any CPU
		{A18FF0A8-F4F7-40FD-97E9-7816D4A76BE7}.Ad-Hoc|Any CPU.ActiveCfg = Debug|Any CPU
		{A18FF0A8-F4F7-40FD-97E9-7816D4A76BE7}.Ad-Hoc|Any CPU.Build.0 = Debug|Any CPU
		{A18FF0A8-F4F7-40FD-97E9-7816D4A76BE7}.Ad-Hoc|iPhone.ActiveCfg = Debug|Any CPU
		{A18FF0A8-F4F7-40FD-97E9-7816D4A76BE7}.Ad-Hoc|iPhone.Build.0 = Debug|Any CPU
		{A18FF0A8-F4F7-40FD-97E9-7816D4A76BE7}.Ad-Hoc|iPhoneSimulator.ActiveCfg = Debug|Any CPU
		{A18FF0A8-F4F7-40FD-97E9-7816D4A76BE7}.Ad-Hoc|iPhoneSimulator.Build.0 = Debug|Any CPU
		{A18FF0A8-F4F7-40FD-97E9-7816D4A76BE7}.AppStore|Any CPU.ActiveCfg = Debug|Any CPU
		{A18FF0A8-F4F7-40FD-97E9-7816D4A76BE7}.AppStore|Any CPU.Build.0 = Debug|Any CPU
		{A18FF0A8-F4F7-40FD-97E9-7816D4A76BE7}.AppStore|iPhone.ActiveCfg = Debug|Any CPU
		{A18FF0A8-F4F7-40FD-97E9-7816D4A76BE7}.AppStore|iPhone.Build.0 = Debug|Any CPU
		{A18FF0A8-F4F7-40FD-97E9-7816D4A76BE7}.AppStore|iPhoneSimulator.ActiveCfg = Debug|Any CPU
		{A18FF0A8-F4F7-40FD-97E9-7816D4A76BE7}.AppStore|iPhoneSimulator.Build.0 = Debug|Any CPU
		{A18FF0A8-F4F7-40FD-97E9-7816D4A76BE7}.Debug|Any CPU.ActiveCfg = Debug|Any CPU
		{A18FF0A8-F4F7-40FD-97E9-7816D4A76BE7}.Debug|Any CPU.Build.0 = Debug|Any CPU
		{A18FF0A8-F4F7-40FD-97E9-7816D4A76BE7}.Debug|iPhone.ActiveCfg = Debug|Any CPU
		{A18FF0A8-F4F7-40FD-97E9-7816D4A76BE7}.Debug|iPhone.Build.0 = Debug|Any CPU
		{A18FF0A8-F4F7-40FD-97E9-7816D4A76BE7}.Debug|iPhoneSimulator.ActiveCfg = Debug|Any CPU
		{A18FF0A8-F4F7-40FD-97E9-7816D4A76BE7}.Debug|iPhoneSimulator.Build.0 = Debug|Any CPU
		{A18FF0A8-F4F7-40FD-97E9-7816D4A76BE7}.Release|Any CPU.ActiveCfg = Release|Any CPU
		{A18FF0A8-F4F7-40FD-97E9-7816D4A76BE7}.Release|Any CPU.Build.0 = Release|Any CPU
		{A18FF0A8-F4F7-40FD-97E9-7816D4A76BE7}.Release|iPhone.ActiveCfg = Release|Any CPU
		{A18FF0A8-F4F7-40FD-97E9-7816D4A76BE7}.Release|iPhone.Build.0 = Release|Any CPU
		{A18FF0A8-F4F7-40FD-97E9-7816D4A76BE7}.Release|iPhoneSimulator.ActiveCfg = Release|Any CPU
		{A18FF0A8-F4F7-40FD-97E9-7816D4A76BE7}.Release|iPhoneSimulator.Build.0 = Release|Any CPU
		{A729CF01-3C4A-46CA-A7B0-CE39E23A35E9}.Ad-Hoc|Any CPU.ActiveCfg = Debug|Any CPU
		{A729CF01-3C4A-46CA-A7B0-CE39E23A35E9}.Ad-Hoc|Any CPU.Build.0 = Debug|Any CPU
		{A729CF01-3C4A-46CA-A7B0-CE39E23A35E9}.Ad-Hoc|iPhone.ActiveCfg = Debug|Any CPU
		{A729CF01-3C4A-46CA-A7B0-CE39E23A35E9}.Ad-Hoc|iPhone.Build.0 = Debug|Any CPU
		{A729CF01-3C4A-46CA-A7B0-CE39E23A35E9}.Ad-Hoc|iPhoneSimulator.ActiveCfg = Debug|Any CPU
		{A729CF01-3C4A-46CA-A7B0-CE39E23A35E9}.Ad-Hoc|iPhoneSimulator.Build.0 = Debug|Any CPU
		{A729CF01-3C4A-46CA-A7B0-CE39E23A35E9}.AppStore|Any CPU.ActiveCfg = Debug|Any CPU
		{A729CF01-3C4A-46CA-A7B0-CE39E23A35E9}.AppStore|Any CPU.Build.0 = Debug|Any CPU
		{A729CF01-3C4A-46CA-A7B0-CE39E23A35E9}.AppStore|iPhone.ActiveCfg = Debug|Any CPU
		{A729CF01-3C4A-46CA-A7B0-CE39E23A35E9}.AppStore|iPhone.Build.0 = Debug|Any CPU
		{A729CF01-3C4A-46CA-A7B0-CE39E23A35E9}.AppStore|iPhoneSimulator.ActiveCfg = Debug|Any CPU
		{A729CF01-3C4A-46CA-A7B0-CE39E23A35E9}.AppStore|iPhoneSimulator.Build.0 = Debug|Any CPU
		{A729CF01-3C4A-46CA-A7B0-CE39E23A35E9}.Debug|Any CPU.ActiveCfg = Debug|Any CPU
		{A729CF01-3C4A-46CA-A7B0-CE39E23A35E9}.Debug|Any CPU.Build.0 = Debug|Any CPU
		{A729CF01-3C4A-46CA-A7B0-CE39E23A35E9}.Debug|iPhone.ActiveCfg = Debug|Any CPU
		{A729CF01-3C4A-46CA-A7B0-CE39E23A35E9}.Debug|iPhone.Build.0 = Debug|Any CPU
		{A729CF01-3C4A-46CA-A7B0-CE39E23A35E9}.Debug|iPhoneSimulator.ActiveCfg = Debug|Any CPU
		{A729CF01-3C4A-46CA-A7B0-CE39E23A35E9}.Debug|iPhoneSimulator.Build.0 = Debug|Any CPU
		{A729CF01-3C4A-46CA-A7B0-CE39E23A35E9}.Release|Any CPU.ActiveCfg = Release|Any CPU
		{A729CF01-3C4A-46CA-A7B0-CE39E23A35E9}.Release|Any CPU.Build.0 = Release|Any CPU
		{A729CF01-3C4A-46CA-A7B0-CE39E23A35E9}.Release|iPhone.ActiveCfg = Release|Any CPU
		{A729CF01-3C4A-46CA-A7B0-CE39E23A35E9}.Release|iPhone.Build.0 = Release|Any CPU
		{A729CF01-3C4A-46CA-A7B0-CE39E23A35E9}.Release|iPhoneSimulator.ActiveCfg = Release|Any CPU
		{A729CF01-3C4A-46CA-A7B0-CE39E23A35E9}.Release|iPhoneSimulator.Build.0 = Release|Any CPU
		{8224A286-F80B-4A70-AD12-506E785C9523}.Ad-Hoc|Any CPU.ActiveCfg = Debug|Any CPU
		{8224A286-F80B-4A70-AD12-506E785C9523}.Ad-Hoc|Any CPU.Build.0 = Debug|Any CPU
		{8224A286-F80B-4A70-AD12-506E785C9523}.Ad-Hoc|iPhone.ActiveCfg = Debug|Any CPU
		{8224A286-F80B-4A70-AD12-506E785C9523}.Ad-Hoc|iPhone.Build.0 = Debug|Any CPU
		{8224A286-F80B-4A70-AD12-506E785C9523}.Ad-Hoc|iPhoneSimulator.ActiveCfg = Debug|Any CPU
		{8224A286-F80B-4A70-AD12-506E785C9523}.Ad-Hoc|iPhoneSimulator.Build.0 = Debug|Any CPU
		{8224A286-F80B-4A70-AD12-506E785C9523}.AppStore|Any CPU.ActiveCfg = Debug|Any CPU
		{8224A286-F80B-4A70-AD12-506E785C9523}.AppStore|Any CPU.Build.0 = Debug|Any CPU
		{8224A286-F80B-4A70-AD12-506E785C9523}.AppStore|iPhone.ActiveCfg = Debug|Any CPU
		{8224A286-F80B-4A70-AD12-506E785C9523}.AppStore|iPhone.Build.0 = Debug|Any CPU
		{8224A286-F80B-4A70-AD12-506E785C9523}.AppStore|iPhoneSimulator.ActiveCfg = Debug|Any CPU
		{8224A286-F80B-4A70-AD12-506E785C9523}.AppStore|iPhoneSimulator.Build.0 = Debug|Any CPU
		{8224A286-F80B-4A70-AD12-506E785C9523}.Debug|Any CPU.ActiveCfg = Debug|Any CPU
		{8224A286-F80B-4A70-AD12-506E785C9523}.Debug|Any CPU.Build.0 = Debug|Any CPU
		{8224A286-F80B-4A70-AD12-506E785C9523}.Debug|iPhone.ActiveCfg = Debug|Any CPU
		{8224A286-F80B-4A70-AD12-506E785C9523}.Debug|iPhone.Build.0 = Debug|Any CPU
		{8224A286-F80B-4A70-AD12-506E785C9523}.Debug|iPhoneSimulator.ActiveCfg = Debug|Any CPU
		{8224A286-F80B-4A70-AD12-506E785C9523}.Debug|iPhoneSimulator.Build.0 = Debug|Any CPU
		{8224A286-F80B-4A70-AD12-506E785C9523}.Release|Any CPU.ActiveCfg = Release|Any CPU
		{8224A286-F80B-4A70-AD12-506E785C9523}.Release|Any CPU.Build.0 = Release|Any CPU
		{8224A286-F80B-4A70-AD12-506E785C9523}.Release|iPhone.ActiveCfg = Release|Any CPU
		{8224A286-F80B-4A70-AD12-506E785C9523}.Release|iPhone.Build.0 = Release|Any CPU
		{8224A286-F80B-4A70-AD12-506E785C9523}.Release|iPhoneSimulator.ActiveCfg = Release|Any CPU
		{8224A286-F80B-4A70-AD12-506E785C9523}.Release|iPhoneSimulator.Build.0 = Release|Any CPU
		{1B2B651B-B212-4576-AFA5-2318B4A8DDFF}.Ad-Hoc|Any CPU.ActiveCfg = Debug|Any CPU
		{1B2B651B-B212-4576-AFA5-2318B4A8DDFF}.Ad-Hoc|Any CPU.Build.0 = Debug|Any CPU
		{1B2B651B-B212-4576-AFA5-2318B4A8DDFF}.Ad-Hoc|iPhone.ActiveCfg = Debug|Any CPU
		{1B2B651B-B212-4576-AFA5-2318B4A8DDFF}.Ad-Hoc|iPhone.Build.0 = Debug|Any CPU
		{1B2B651B-B212-4576-AFA5-2318B4A8DDFF}.Ad-Hoc|iPhoneSimulator.ActiveCfg = Debug|Any CPU
		{1B2B651B-B212-4576-AFA5-2318B4A8DDFF}.Ad-Hoc|iPhoneSimulator.Build.0 = Debug|Any CPU
		{1B2B651B-B212-4576-AFA5-2318B4A8DDFF}.AppStore|Any CPU.ActiveCfg = Debug|Any CPU
		{1B2B651B-B212-4576-AFA5-2318B4A8DDFF}.AppStore|Any CPU.Build.0 = Debug|Any CPU
		{1B2B651B-B212-4576-AFA5-2318B4A8DDFF}.AppStore|iPhone.ActiveCfg = Debug|Any CPU
		{1B2B651B-B212-4576-AFA5-2318B4A8DDFF}.AppStore|iPhone.Build.0 = Debug|Any CPU
		{1B2B651B-B212-4576-AFA5-2318B4A8DDFF}.AppStore|iPhoneSimulator.ActiveCfg = Debug|Any CPU
		{1B2B651B-B212-4576-AFA5-2318B4A8DDFF}.AppStore|iPhoneSimulator.Build.0 = Debug|Any CPU
		{1B2B651B-B212-4576-AFA5-2318B4A8DDFF}.Debug|Any CPU.ActiveCfg = Debug|Any CPU
		{1B2B651B-B212-4576-AFA5-2318B4A8DDFF}.Debug|Any CPU.Build.0 = Debug|Any CPU
		{1B2B651B-B212-4576-AFA5-2318B4A8DDFF}.Debug|iPhone.ActiveCfg = Debug|Any CPU
		{1B2B651B-B212-4576-AFA5-2318B4A8DDFF}.Debug|iPhone.Build.0 = Debug|Any CPU
		{1B2B651B-B212-4576-AFA5-2318B4A8DDFF}.Debug|iPhoneSimulator.ActiveCfg = Debug|Any CPU
		{1B2B651B-B212-4576-AFA5-2318B4A8DDFF}.Debug|iPhoneSimulator.Build.0 = Debug|Any CPU
		{1B2B651B-B212-4576-AFA5-2318B4A8DDFF}.Release|Any CPU.ActiveCfg = Release|Any CPU
		{1B2B651B-B212-4576-AFA5-2318B4A8DDFF}.Release|Any CPU.Build.0 = Release|Any CPU
		{1B2B651B-B212-4576-AFA5-2318B4A8DDFF}.Release|iPhone.ActiveCfg = Release|Any CPU
		{1B2B651B-B212-4576-AFA5-2318B4A8DDFF}.Release|iPhone.Build.0 = Release|Any CPU
		{1B2B651B-B212-4576-AFA5-2318B4A8DDFF}.Release|iPhoneSimulator.ActiveCfg = Release|Any CPU
		{1B2B651B-B212-4576-AFA5-2318B4A8DDFF}.Release|iPhoneSimulator.Build.0 = Release|Any CPU
		{301DFD17-58A8-4692-94E5-277319C82865}.Ad-Hoc|Any CPU.ActiveCfg = Debug|Any CPU
		{301DFD17-58A8-4692-94E5-277319C82865}.Ad-Hoc|Any CPU.Build.0 = Debug|Any CPU
		{301DFD17-58A8-4692-94E5-277319C82865}.Ad-Hoc|iPhone.ActiveCfg = Debug|Any CPU
		{301DFD17-58A8-4692-94E5-277319C82865}.Ad-Hoc|iPhone.Build.0 = Debug|Any CPU
		{301DFD17-58A8-4692-94E5-277319C82865}.Ad-Hoc|iPhoneSimulator.ActiveCfg = Debug|Any CPU
		{301DFD17-58A8-4692-94E5-277319C82865}.Ad-Hoc|iPhoneSimulator.Build.0 = Debug|Any CPU
		{301DFD17-58A8-4692-94E5-277319C82865}.AppStore|Any CPU.ActiveCfg = Debug|Any CPU
		{301DFD17-58A8-4692-94E5-277319C82865}.AppStore|Any CPU.Build.0 = Debug|Any CPU
		{301DFD17-58A8-4692-94E5-277319C82865}.AppStore|iPhone.ActiveCfg = Debug|Any CPU
		{301DFD17-58A8-4692-94E5-277319C82865}.AppStore|iPhone.Build.0 = Debug|Any CPU
		{301DFD17-58A8-4692-94E5-277319C82865}.AppStore|iPhoneSimulator.ActiveCfg = Debug|Any CPU
		{301DFD17-58A8-4692-94E5-277319C82865}.AppStore|iPhoneSimulator.Build.0 = Debug|Any CPU
		{301DFD17-58A8-4692-94E5-277319C82865}.Debug|Any CPU.ActiveCfg = Debug|Any CPU
		{301DFD17-58A8-4692-94E5-277319C82865}.Debug|Any CPU.Build.0 = Debug|Any CPU
		{301DFD17-58A8-4692-94E5-277319C82865}.Debug|iPhone.ActiveCfg = Debug|Any CPU
		{301DFD17-58A8-4692-94E5-277319C82865}.Debug|iPhone.Build.0 = Debug|Any CPU
		{301DFD17-58A8-4692-94E5-277319C82865}.Debug|iPhoneSimulator.ActiveCfg = Debug|Any CPU
		{301DFD17-58A8-4692-94E5-277319C82865}.Debug|iPhoneSimulator.Build.0 = Debug|Any CPU
		{301DFD17-58A8-4692-94E5-277319C82865}.Release|Any CPU.ActiveCfg = Release|Any CPU
		{301DFD17-58A8-4692-94E5-277319C82865}.Release|Any CPU.Build.0 = Release|Any CPU
		{301DFD17-58A8-4692-94E5-277319C82865}.Release|iPhone.ActiveCfg = Release|Any CPU
		{301DFD17-58A8-4692-94E5-277319C82865}.Release|iPhone.Build.0 = Release|Any CPU
		{301DFD17-58A8-4692-94E5-277319C82865}.Release|iPhoneSimulator.ActiveCfg = Release|Any CPU
		{301DFD17-58A8-4692-94E5-277319C82865}.Release|iPhoneSimulator.Build.0 = Release|Any CPU
		{2025E5A8-0D07-4A83-95AA-D2B94D13A8B3}.Ad-Hoc|Any CPU.ActiveCfg = Debug|Any CPU
		{2025E5A8-0D07-4A83-95AA-D2B94D13A8B3}.Ad-Hoc|Any CPU.Build.0 = Debug|Any CPU
		{2025E5A8-0D07-4A83-95AA-D2B94D13A8B3}.Ad-Hoc|iPhone.ActiveCfg = Debug|Any CPU
		{2025E5A8-0D07-4A83-95AA-D2B94D13A8B3}.Ad-Hoc|iPhone.Build.0 = Debug|Any CPU
		{2025E5A8-0D07-4A83-95AA-D2B94D13A8B3}.Ad-Hoc|iPhoneSimulator.ActiveCfg = Debug|Any CPU
		{2025E5A8-0D07-4A83-95AA-D2B94D13A8B3}.Ad-Hoc|iPhoneSimulator.Build.0 = Debug|Any CPU
		{2025E5A8-0D07-4A83-95AA-D2B94D13A8B3}.AppStore|Any CPU.ActiveCfg = Debug|Any CPU
		{2025E5A8-0D07-4A83-95AA-D2B94D13A8B3}.AppStore|Any CPU.Build.0 = Debug|Any CPU
		{2025E5A8-0D07-4A83-95AA-D2B94D13A8B3}.AppStore|iPhone.ActiveCfg = Debug|Any CPU
		{2025E5A8-0D07-4A83-95AA-D2B94D13A8B3}.AppStore|iPhone.Build.0 = Debug|Any CPU
		{2025E5A8-0D07-4A83-95AA-D2B94D13A8B3}.AppStore|iPhoneSimulator.ActiveCfg = Debug|Any CPU
		{2025E5A8-0D07-4A83-95AA-D2B94D13A8B3}.AppStore|iPhoneSimulator.Build.0 = Debug|Any CPU
		{2025E5A8-0D07-4A83-95AA-D2B94D13A8B3}.Debug|Any CPU.ActiveCfg = Debug|Any CPU
		{2025E5A8-0D07-4A83-95AA-D2B94D13A8B3}.Debug|Any CPU.Build.0 = Debug|Any CPU
		{2025E5A8-0D07-4A83-95AA-D2B94D13A8B3}.Debug|iPhone.ActiveCfg = Debug|Any CPU
		{2025E5A8-0D07-4A83-95AA-D2B94D13A8B3}.Debug|iPhone.Build.0 = Debug|Any CPU
		{2025E5A8-0D07-4A83-95AA-D2B94D13A8B3}.Debug|iPhoneSimulator.ActiveCfg = Debug|Any CPU
		{2025E5A8-0D07-4A83-95AA-D2B94D13A8B3}.Debug|iPhoneSimulator.Build.0 = Debug|Any CPU
		{2025E5A8-0D07-4A83-95AA-D2B94D13A8B3}.Release|Any CPU.ActiveCfg = Release|Any CPU
		{2025E5A8-0D07-4A83-95AA-D2B94D13A8B3}.Release|Any CPU.Build.0 = Release|Any CPU
		{2025E5A8-0D07-4A83-95AA-D2B94D13A8B3}.Release|iPhone.ActiveCfg = Release|Any CPU
		{2025E5A8-0D07-4A83-95AA-D2B94D13A8B3}.Release|iPhone.Build.0 = Release|Any CPU
		{2025E5A8-0D07-4A83-95AA-D2B94D13A8B3}.Release|iPhoneSimulator.ActiveCfg = Release|Any CPU
		{2025E5A8-0D07-4A83-95AA-D2B94D13A8B3}.Release|iPhoneSimulator.Build.0 = Release|Any CPU
		{30DE3EB4-CAC7-44AE-B6E0-339DF98DB0C0}.Ad-Hoc|Any CPU.ActiveCfg = Debug|Any CPU
		{30DE3EB4-CAC7-44AE-B6E0-339DF98DB0C0}.Ad-Hoc|Any CPU.Build.0 = Debug|Any CPU
		{30DE3EB4-CAC7-44AE-B6E0-339DF98DB0C0}.Ad-Hoc|iPhone.ActiveCfg = Debug|Any CPU
		{30DE3EB4-CAC7-44AE-B6E0-339DF98DB0C0}.Ad-Hoc|iPhone.Build.0 = Debug|Any CPU
		{30DE3EB4-CAC7-44AE-B6E0-339DF98DB0C0}.Ad-Hoc|iPhoneSimulator.ActiveCfg = Debug|Any CPU
		{30DE3EB4-CAC7-44AE-B6E0-339DF98DB0C0}.Ad-Hoc|iPhoneSimulator.Build.0 = Debug|Any CPU
		{30DE3EB4-CAC7-44AE-B6E0-339DF98DB0C0}.AppStore|Any CPU.ActiveCfg = Debug|Any CPU
		{30DE3EB4-CAC7-44AE-B6E0-339DF98DB0C0}.AppStore|Any CPU.Build.0 = Debug|Any CPU
		{30DE3EB4-CAC7-44AE-B6E0-339DF98DB0C0}.AppStore|iPhone.ActiveCfg = Debug|Any CPU
		{30DE3EB4-CAC7-44AE-B6E0-339DF98DB0C0}.AppStore|iPhone.Build.0 = Debug|Any CPU
		{30DE3EB4-CAC7-44AE-B6E0-339DF98DB0C0}.AppStore|iPhoneSimulator.ActiveCfg = Debug|Any CPU
		{30DE3EB4-CAC7-44AE-B6E0-339DF98DB0C0}.AppStore|iPhoneSimulator.Build.0 = Debug|Any CPU
		{30DE3EB4-CAC7-44AE-B6E0-339DF98DB0C0}.Debug|Any CPU.ActiveCfg = Debug|Any CPU
		{30DE3EB4-CAC7-44AE-B6E0-339DF98DB0C0}.Debug|Any CPU.Build.0 = Debug|Any CPU
		{30DE3EB4-CAC7-44AE-B6E0-339DF98DB0C0}.Debug|iPhone.ActiveCfg = Debug|Any CPU
		{30DE3EB4-CAC7-44AE-B6E0-339DF98DB0C0}.Debug|iPhone.Build.0 = Debug|Any CPU
		{30DE3EB4-CAC7-44AE-B6E0-339DF98DB0C0}.Debug|iPhoneSimulator.ActiveCfg = Debug|Any CPU
		{30DE3EB4-CAC7-44AE-B6E0-339DF98DB0C0}.Debug|iPhoneSimulator.Build.0 = Debug|Any CPU
		{30DE3EB4-CAC7-44AE-B6E0-339DF98DB0C0}.Release|Any CPU.ActiveCfg = Release|Any CPU
		{30DE3EB4-CAC7-44AE-B6E0-339DF98DB0C0}.Release|Any CPU.Build.0 = Release|Any CPU
		{30DE3EB4-CAC7-44AE-B6E0-339DF98DB0C0}.Release|iPhone.ActiveCfg = Release|Any CPU
		{30DE3EB4-CAC7-44AE-B6E0-339DF98DB0C0}.Release|iPhone.Build.0 = Release|Any CPU
		{30DE3EB4-CAC7-44AE-B6E0-339DF98DB0C0}.Release|iPhoneSimulator.ActiveCfg = Release|Any CPU
		{30DE3EB4-CAC7-44AE-B6E0-339DF98DB0C0}.Release|iPhoneSimulator.Build.0 = Release|Any CPU
		{FD5E2682-23CB-4999-89E6-1870E3DC6AD7}.Ad-Hoc|Any CPU.ActiveCfg = Debug|Any CPU
		{FD5E2682-23CB-4999-89E6-1870E3DC6AD7}.Ad-Hoc|Any CPU.Build.0 = Debug|Any CPU
		{FD5E2682-23CB-4999-89E6-1870E3DC6AD7}.Ad-Hoc|iPhone.ActiveCfg = Debug|Any CPU
		{FD5E2682-23CB-4999-89E6-1870E3DC6AD7}.Ad-Hoc|iPhone.Build.0 = Debug|Any CPU
		{FD5E2682-23CB-4999-89E6-1870E3DC6AD7}.Ad-Hoc|iPhoneSimulator.ActiveCfg = Debug|Any CPU
		{FD5E2682-23CB-4999-89E6-1870E3DC6AD7}.Ad-Hoc|iPhoneSimulator.Build.0 = Debug|Any CPU
		{FD5E2682-23CB-4999-89E6-1870E3DC6AD7}.AppStore|Any CPU.ActiveCfg = Debug|Any CPU
		{FD5E2682-23CB-4999-89E6-1870E3DC6AD7}.AppStore|Any CPU.Build.0 = Debug|Any CPU
		{FD5E2682-23CB-4999-89E6-1870E3DC6AD7}.AppStore|iPhone.ActiveCfg = Debug|Any CPU
		{FD5E2682-23CB-4999-89E6-1870E3DC6AD7}.AppStore|iPhone.Build.0 = Debug|Any CPU
		{FD5E2682-23CB-4999-89E6-1870E3DC6AD7}.AppStore|iPhoneSimulator.ActiveCfg = Debug|Any CPU
		{FD5E2682-23CB-4999-89E6-1870E3DC6AD7}.AppStore|iPhoneSimulator.Build.0 = Debug|Any CPU
		{FD5E2682-23CB-4999-89E6-1870E3DC6AD7}.Debug|Any CPU.ActiveCfg = Debug|Any CPU
		{FD5E2682-23CB-4999-89E6-1870E3DC6AD7}.Debug|Any CPU.Build.0 = Debug|Any CPU
		{FD5E2682-23CB-4999-89E6-1870E3DC6AD7}.Debug|iPhone.ActiveCfg = Debug|Any CPU
		{FD5E2682-23CB-4999-89E6-1870E3DC6AD7}.Debug|iPhone.Build.0 = Debug|Any CPU
		{FD5E2682-23CB-4999-89E6-1870E3DC6AD7}.Debug|iPhoneSimulator.ActiveCfg = Debug|Any CPU
		{FD5E2682-23CB-4999-89E6-1870E3DC6AD7}.Debug|iPhoneSimulator.Build.0 = Debug|Any CPU
		{FD5E2682-23CB-4999-89E6-1870E3DC6AD7}.Release|Any CPU.ActiveCfg = Release|Any CPU
		{FD5E2682-23CB-4999-89E6-1870E3DC6AD7}.Release|Any CPU.Build.0 = Release|Any CPU
		{FD5E2682-23CB-4999-89E6-1870E3DC6AD7}.Release|iPhone.ActiveCfg = Release|Any CPU
		{FD5E2682-23CB-4999-89E6-1870E3DC6AD7}.Release|iPhone.Build.0 = Release|Any CPU
		{FD5E2682-23CB-4999-89E6-1870E3DC6AD7}.Release|iPhoneSimulator.ActiveCfg = Release|Any CPU
		{FD5E2682-23CB-4999-89E6-1870E3DC6AD7}.Release|iPhoneSimulator.Build.0 = Release|Any CPU
		{92C45F76-57B3-4C47-9414-6E4ACB15C44E}.Ad-Hoc|Any CPU.ActiveCfg = Debug|Any CPU
		{92C45F76-57B3-4C47-9414-6E4ACB15C44E}.Ad-Hoc|Any CPU.Build.0 = Debug|Any CPU
		{92C45F76-57B3-4C47-9414-6E4ACB15C44E}.Ad-Hoc|iPhone.ActiveCfg = Debug|Any CPU
		{92C45F76-57B3-4C47-9414-6E4ACB15C44E}.Ad-Hoc|iPhone.Build.0 = Debug|Any CPU
		{92C45F76-57B3-4C47-9414-6E4ACB15C44E}.Ad-Hoc|iPhoneSimulator.ActiveCfg = Debug|Any CPU
		{92C45F76-57B3-4C47-9414-6E4ACB15C44E}.Ad-Hoc|iPhoneSimulator.Build.0 = Debug|Any CPU
		{92C45F76-57B3-4C47-9414-6E4ACB15C44E}.AppStore|Any CPU.ActiveCfg = Debug|Any CPU
		{92C45F76-57B3-4C47-9414-6E4ACB15C44E}.AppStore|Any CPU.Build.0 = Debug|Any CPU
		{92C45F76-57B3-4C47-9414-6E4ACB15C44E}.AppStore|iPhone.ActiveCfg = Debug|Any CPU
		{92C45F76-57B3-4C47-9414-6E4ACB15C44E}.AppStore|iPhone.Build.0 = Debug|Any CPU
		{92C45F76-57B3-4C47-9414-6E4ACB15C44E}.AppStore|iPhoneSimulator.ActiveCfg = Debug|Any CPU
		{92C45F76-57B3-4C47-9414-6E4ACB15C44E}.AppStore|iPhoneSimulator.Build.0 = Debug|Any CPU
		{92C45F76-57B3-4C47-9414-6E4ACB15C44E}.Debug|Any CPU.ActiveCfg = Debug|Any CPU
		{92C45F76-57B3-4C47-9414-6E4ACB15C44E}.Debug|Any CPU.Build.0 = Debug|Any CPU
		{92C45F76-57B3-4C47-9414-6E4ACB15C44E}.Debug|iPhone.ActiveCfg = Debug|Any CPU
		{92C45F76-57B3-4C47-9414-6E4ACB15C44E}.Debug|iPhone.Build.0 = Debug|Any CPU
		{92C45F76-57B3-4C47-9414-6E4ACB15C44E}.Debug|iPhoneSimulator.ActiveCfg = Debug|Any CPU
		{92C45F76-57B3-4C47-9414-6E4ACB15C44E}.Debug|iPhoneSimulator.Build.0 = Debug|Any CPU
		{92C45F76-57B3-4C47-9414-6E4ACB15C44E}.Release|Any CPU.ActiveCfg = Release|Any CPU
		{92C45F76-57B3-4C47-9414-6E4ACB15C44E}.Release|Any CPU.Build.0 = Release|Any CPU
		{92C45F76-57B3-4C47-9414-6E4ACB15C44E}.Release|iPhone.ActiveCfg = Release|Any CPU
		{92C45F76-57B3-4C47-9414-6E4ACB15C44E}.Release|iPhone.Build.0 = Release|Any CPU
		{92C45F76-57B3-4C47-9414-6E4ACB15C44E}.Release|iPhoneSimulator.ActiveCfg = Release|Any CPU
		{92C45F76-57B3-4C47-9414-6E4ACB15C44E}.Release|iPhoneSimulator.Build.0 = Release|Any CPU
	EndGlobalSection
	GlobalSection(SolutionProperties) = preSolution
		HideSolutionNode = FALSE
	EndGlobalSection
	GlobalSection(ExtensibilityGlobals) = postSolution
		SolutionGuid = {24713A28-0F94-4F28-8C75-FBEEFBA713B6}
	EndGlobalSection
EndGlobal
