
Microsoft Visual Studio Solution File, Format Version 12.00
# Visual Studio Version 16
VisualStudioVersion = 16.0.29411.108
MinimumVisualStudioVersion = 10.0.40219.1
Project("{FAE04EC0-301F-11D3-BF4B-00C04F79EFBC}") = "libfintx_test", "libfintx_test\libfintx_test.csproj", "{8C0B1658-3195-44D3-AB86-48EF6B66DB81}"
EndProject
Project("{9A19103F-16F7-4668-BE54-9A1E7A4F7556}") = "libfintx", "libfintx\src\libfintx\libfintx.csproj", "{9096AE2F-2830-42BE-8420-AB418E92E305}"
EndProject
Project("{FAE04EC0-301F-11D3-BF4B-00C04F79EFBC}") = "libfintx_mt940", "libfintx_mt940\libfintx_mt940.csproj", "{C1A0775D-C0F1-400E-AEA8-2CACACCE33B1}"
EndProject
Global
	GlobalSection(SolutionConfigurationPlatforms) = preSolution
		Debug|Any CPU = Debug|Any CPU
		Release|Any CPU = Release|Any CPU
	EndGlobalSection
	GlobalSection(ProjectConfigurationPlatforms) = postSolution
		{8C0B1658-3195-44D3-AB86-48EF6B66DB81}.Debug|Any CPU.ActiveCfg = Debug|Any CPU
		{8C0B1658-3195-44D3-AB86-48EF6B66DB81}.Debug|Any CPU.Build.0 = Debug|Any CPU
		{8C0B1658-3195-44D3-AB86-48EF6B66DB81}.Release|Any CPU.ActiveCfg = Release|Any CPU
		{8C0B1658-3195-44D3-AB86-48EF6B66DB81}.Release|Any CPU.Build.0 = Release|Any CPU
		{9096AE2F-2830-42BE-8420-AB418E92E305}.Debug|Any CPU.ActiveCfg = Debug|Any CPU
		{9096AE2F-2830-42BE-8420-AB418E92E305}.Debug|Any CPU.Build.0 = Debug|Any CPU
		{9096AE2F-2830-42BE-8420-AB418E92E305}.Release|Any CPU.ActiveCfg = Release|Any CPU
		{9096AE2F-2830-42BE-8420-AB418E92E305}.Release|Any CPU.Build.0 = Release|Any CPU
		{C1A0775D-C0F1-400E-AEA8-2CACACCE33B1}.Debug|Any CPU.ActiveCfg = Debug|Any CPU
		{C1A0775D-C0F1-400E-AEA8-2CACACCE33B1}.Debug|Any CPU.Build.0 = Debug|Any CPU
		{C1A0775D-C0F1-400E-AEA8-2CACACCE33B1}.Release|Any CPU.ActiveCfg = Release|Any CPU
		{C1A0775D-C0F1-400E-AEA8-2CACACCE33B1}.Release|Any CPU.Build.0 = Release|Any CPU
	EndGlobalSection
	GlobalSection(SolutionProperties) = preSolution
		HideSolutionNode = FALSE
	EndGlobalSection
	GlobalSection(ExtensibilityGlobals) = postSolution
		SolutionGuid = {3C2A3B76-5D7B-4DBB-837D-BDC964E78A35}
	EndGlobalSection
EndGlobal
